// !$*UTF8*$!
{
	archiveVersion = 1;
	classes = {
	};
	objectVersion = 46;
	objects = {

/* Begin PBXBuildFile section */
		189E788E62DD12FA304C3591 /* libPods-Save+.a in Frameworks */ = {isa = PBXBuildFile; fileRef = 010F22C38795282ED054C65B /* libPods-Save+.a */; };
		D732BE731D2A04B9000029A9 /* HLLLocationView.m in Sources */ = {isa = PBXBuildFile; fileRef = D732BE721D2A04B9000029A9 /* HLLLocationView.m */; };
		D744339A1D2A592900693546 /* ZASyncURLConnection.m in Sources */ = {isa = PBXBuildFile; fileRef = D74433991D2A592900693546 /* ZASyncURLConnection.m */; };
		D744339D1D2A59A000693546 /* UIImage+ImageEffects.m in Sources */ = {isa = PBXBuildFile; fileRef = D744339C1D2A59A000693546 /* UIImage+ImageEffects.m */; };
		D74433A91D2B51D700693546 /* HLLBillTableViewCell.m in Sources */ = {isa = PBXBuildFile; fileRef = D74433A71D2B51D700693546 /* HLLBillTableViewCell.m */; };
		D74433AA1D2B51D700693546 /* HLLBillTableViewCell.xib in Resources */ = {isa = PBXBuildFile; fileRef = D74433A81D2B51D700693546 /* HLLBillTableViewCell.xib */; };
		D74433AD1D2B525000693546 /* HLLBillSectionHeaderView.m in Sources */ = {isa = PBXBuildFile; fileRef = D74433AC1D2B525000693546 /* HLLBillSectionHeaderView.m */; };
		D74433AF1D2B525A00693546 /* HLLBillSectionHeaderView.xib in Resources */ = {isa = PBXBuildFile; fileRef = D74433AE1D2B525A00693546 /* HLLBillSectionHeaderView.xib */; };
		D74433B21D2B5C9D00693546 /* HLLBillManager.m in Sources */ = {isa = PBXBuildFile; fileRef = D74433B11D2B5C9D00693546 /* HLLBillManager.m */; };
		D75BCAA41D13ED0900FDF5F3 /* main.m in Sources */ = {isa = PBXBuildFile; fileRef = D75BCAA31D13ED0900FDF5F3 /* main.m */; };
		D75BCAA71D13ED0900FDF5F3 /* AppDelegate.m in Sources */ = {isa = PBXBuildFile; fileRef = D75BCAA61D13ED0900FDF5F3 /* AppDelegate.m */; };
		D75BCAAF1D13ED0900FDF5F3 /* Assets.xcassets in Resources */ = {isa = PBXBuildFile; fileRef = D75BCAAE1D13ED0900FDF5F3 /* Assets.xcassets */; };
		D75BCABD1D13ED0900FDF5F3 /* Save_UITests.m in Sources */ = {isa = PBXBuildFile; fileRef = D75BCABC1D13ED0900FDF5F3 /* Save_UITests.m */; };
		D75BCAD21D13EE4000FDF5F3 /* HLLInputView.m in Sources */ = {isa = PBXBuildFile; fileRef = D75BCAD01D13EE4000FDF5F3 /* HLLInputView.m */; };
		D75BCAD31D13EE4000FDF5F3 /* HLLInputView.xib in Resources */ = {isa = PBXBuildFile; fileRef = D75BCAD11D13EE4000FDF5F3 /* HLLInputView.xib */; };
		D75BCAD91D13EED000FDF5F3 /* LaunchScreen.storyboard in Resources */ = {isa = PBXBuildFile; fileRef = D75BCAD71D13EED000FDF5F3 /* LaunchScreen.storyboard */; };
		D75BCADA1D13EED000FDF5F3 /* Main.storyboard in Resources */ = {isa = PBXBuildFile; fileRef = D75BCAD81D13EED000FDF5F3 /* Main.storyboard */; };
		D75BCAE11D13EF8900FDF5F3 /* Lato-Bold.ttf in Resources */ = {isa = PBXBuildFile; fileRef = D75BCADC1D13EF8900FDF5F3 /* Lato-Bold.ttf */; };
		D75BCAE21D13EF8900FDF5F3 /* Lato-Light.ttf in Resources */ = {isa = PBXBuildFile; fileRef = D75BCADD1D13EF8900FDF5F3 /* Lato-Light.ttf */; };
		D75BCAE31D13EF8900FDF5F3 /* Lato-Regular.ttf in Resources */ = {isa = PBXBuildFile; fileRef = D75BCADE1D13EF8900FDF5F3 /* Lato-Regular.ttf */; };
		D75BCAE41D13EF8900FDF5F3 /* Lato-Thin.ttf in Resources */ = {isa = PBXBuildFile; fileRef = D75BCADF1D13EF8900FDF5F3 /* Lato-Thin.ttf */; };
		D75BCAE51D13EF8900FDF5F3 /* Lato-ThinItalic.ttf in Resources */ = {isa = PBXBuildFile; fileRef = D75BCAE01D13EF8900FDF5F3 /* Lato-ThinItalic.ttf */; };
		D75BCAE71D13F04D00FDF5F3 /* Lato-Bold.ttf in Sources */ = {isa = PBXBuildFile; fileRef = D75BCADC1D13EF8900FDF5F3 /* Lato-Bold.ttf */; };
		D75BCAE81D13F04D00FDF5F3 /* Lato-Light.ttf in Sources */ = {isa = PBXBuildFile; fileRef = D75BCADD1D13EF8900FDF5F3 /* Lato-Light.ttf */; };
		D75BCAE91D13F04D00FDF5F3 /* Lato-Regular.ttf in Sources */ = {isa = PBXBuildFile; fileRef = D75BCADE1D13EF8900FDF5F3 /* Lato-Regular.ttf */; };
		D75BCAEA1D13F04D00FDF5F3 /* Lato-Thin.ttf in Sources */ = {isa = PBXBuildFile; fileRef = D75BCADF1D13EF8900FDF5F3 /* Lato-Thin.ttf */; };
		D75BCAEB1D13F04D00FDF5F3 /* Lato-ThinItalic.ttf in Sources */ = {isa = PBXBuildFile; fileRef = D75BCAE01D13EF8900FDF5F3 /* Lato-ThinItalic.ttf */; };
		D75BCAF01D18D29700FDF5F3 /* ViewController.m in Sources */ = {isa = PBXBuildFile; fileRef = D75BCAEF1D18D29700FDF5F3 /* ViewController.m */; };
		D75BCAF31D18D2FE00FDF5F3 /* HLLBill.m in Sources */ = {isa = PBXBuildFile; fileRef = D75BCAF21D18D2FE00FDF5F3 /* HLLBill.m */; };
		D75BCAF61D18D31E00FDF5F3 /* HLLKeyboardView.m in Sources */ = {isa = PBXBuildFile; fileRef = D75BCAF51D18D31E00FDF5F3 /* HLLKeyboardView.m */; };
		D75BCAF81D18D32700FDF5F3 /* HLLKeyboardView.xib in Resources */ = {isa = PBXBuildFile; fileRef = D75BCAF71D18D32700FDF5F3 /* HLLKeyboardView.xib */; };
		D75BCAFC1D18D57400FDF5F3 /* HLLCategoryView.m in Sources */ = {isa = PBXBuildFile; fileRef = D75BCAFB1D18D57400FDF5F3 /* HLLCategoryView.m */; };
		D75BCAFE1D18D58200FDF5F3 /* HLLCategoryView.xib in Resources */ = {isa = PBXBuildFile; fileRef = D75BCAFD1D18D58200FDF5F3 /* HLLCategoryView.xib */; };
		D75BCB071D18D88400FDF5F3 /* HLLCategoryCollectionViewCell.m in Sources */ = {isa = PBXBuildFile; fileRef = D75BCB051D18D88400FDF5F3 /* HLLCategoryCollectionViewCell.m */; };
		D75BCB081D18D88400FDF5F3 /* HLLCategoryCollectionViewCell.xib in Resources */ = {isa = PBXBuildFile; fileRef = D75BCB061D18D88400FDF5F3 /* HLLCategoryCollectionViewCell.xib */; };
		D75BCB0B1D18D8AA00FDF5F3 /* HLLCategoryCollectionView.m in Sources */ = {isa = PBXBuildFile; fileRef = D75BCB0A1D18D8AA00FDF5F3 /* HLLCategoryCollectionView.m */; };
		D75BCB0E1D18EC2600FDF5F3 /* HLLCategory.m in Sources */ = {isa = PBXBuildFile; fileRef = D75BCB0D1D18EC2600FDF5F3 /* HLLCategory.m */; };
		D75BCB151D19214600FDF5F3 /* HLLKeyBoardInputButton.m in Sources */ = {isa = PBXBuildFile; fileRef = D75BCB141D19214600FDF5F3 /* HLLKeyBoardInputButton.m */; };
		D75BCB261D1922F900FDF5F3 /* UIButton+ImageWithColor.m in Sources */ = {isa = PBXBuildFile; fileRef = D75BCB1B1D1922F900FDF5F3 /* UIButton+ImageWithColor.m */; };
		D75BCB271D1922F900FDF5F3 /* UIColor+Common.m in Sources */ = {isa = PBXBuildFile; fileRef = D75BCB1D1D1922F900FDF5F3 /* UIColor+Common.m */; };
		D75BCB281D1922F900FDF5F3 /* UIImage+Common.m in Sources */ = {isa = PBXBuildFile; fileRef = D75BCB1F1D1922F900FDF5F3 /* UIImage+Common.m */; };
		D75BCB291D1922F900FDF5F3 /* UIImage+Tint.m in Sources */ = {isa = PBXBuildFile; fileRef = D75BCB211D1922F900FDF5F3 /* UIImage+Tint.m */; };
		D75BCB2A1D1922F900FDF5F3 /* UIView+Common.m in Sources */ = {isa = PBXBuildFile; fileRef = D75BCB231D1922F900FDF5F3 /* UIView+Common.m */; };
		D75BCB2B1D1922F900FDF5F3 /* UIView+Round.m in Sources */ = {isa = PBXBuildFile; fileRef = D75BCB251D1922F900FDF5F3 /* UIView+Round.m */; };
		D75BCB2F1D1928FF00FDF5F3 /* HLLCategoryHelper.m in Sources */ = {isa = PBXBuildFile; fileRef = D75BCB2E1D1928FF00FDF5F3 /* HLLCategoryHelper.m */; };
		D75BCB321D1933FC00FDF5F3 /* HLLCategoryCellContentView.m in Sources */ = {isa = PBXBuildFile; fileRef = D75BCB311D1933FC00FDF5F3 /* HLLCategoryCellContentView.m */; };
		D75BCB351D1949DE00FDF5F3 /* HLLKeyboardController.m in Sources */ = {isa = PBXBuildFile; fileRef = D75BCB341D1949DE00FDF5F3 /* HLLKeyboardController.m */; };
		D75BCB381D1989B000FDF5F3 /* HLLKeyboardSplitView.m in Sources */ = {isa = PBXBuildFile; fileRef = D75BCB371D1989B000FDF5F3 /* HLLKeyboardSplitView.m */; };
		D766A83A1D201271005D769C /* HLLNoteView.m in Sources */ = {isa = PBXBuildFile; fileRef = D766A8391D201271005D769C /* HLLNoteView.m */; };
		D766A83D1D2012A2005D769C /* HLLCommitView.m in Sources */ = {isa = PBXBuildFile; fileRef = D766A83C1D2012A2005D769C /* HLLCommitView.m */; };
		D766A8411D202387005D769C /* UIPlaceHolderTextView.m in Sources */ = {isa = PBXBuildFile; fileRef = D766A8401D202387005D769C /* UIPlaceHolderTextView.m */; };
		D766A8451D203576005D769C /* HLLSettingViewController.m in Sources */ = {isa = PBXBuildFile; fileRef = D766A8441D203576005D769C /* HLLSettingViewController.m */; };
		D766A8471D203637005D769C /* Check.storyboard in Resources */ = {isa = PBXBuildFile; fileRef = D766A8461D203637005D769C /* Check.storyboard */; };
		D766A84A1D203678005D769C /* HLLCheckViewController.m in Sources */ = {isa = PBXBuildFile; fileRef = D766A8491D203678005D769C /* HLLCheckViewController.m */; };
		D78015B81D237F2800A0CD13 /* HLLTouchIDHelper.m in Sources */ = {isa = PBXBuildFile; fileRef = D78015B71D237F2800A0CD13 /* HLLTouchIDHelper.m */; };
		D78015BD1D239EC300A0CD13 /* HLLSettingTableViewCell.m in Sources */ = {isa = PBXBuildFile; fileRef = D78015BB1D239EC300A0CD13 /* HLLSettingTableViewCell.m */; };
		D78015BE1D239EC300A0CD13 /* HLLSettingTableViewCell.xib in Resources */ = {isa = PBXBuildFile; fileRef = D78015BC1D239EC300A0CD13 /* HLLSettingTableViewCell.xib */; };
		D78015C21D23A1C100A0CD13 /* HLLSettingDataSource.m in Sources */ = {isa = PBXBuildFile; fileRef = D78015C11D23A1C100A0CD13 /* HLLSettingDataSource.m */; };
		D78015C51D23A92E00A0CD13 /* HLLToggle.m in Sources */ = {isa = PBXBuildFile; fileRef = D78015C41D23A92E00A0CD13 /* HLLToggle.m */; };
		D78015C81D23AC2E00A0CD13 /* UITableView+Line.m in Sources */ = {isa = PBXBuildFile; fileRef = D78015C71D23AC2E00A0CD13 /* UITableView+Line.m */; };
		D78015CB1D23ADDC00A0CD13 /* HLLSetting.m in Sources */ = {isa = PBXBuildFile; fileRef = D78015CA1D23ADDC00A0CD13 /* HLLSetting.m */; };
		D78015CE1D242C9400A0CD13 /* NSString+Size.m in Sources */ = {isa = PBXBuildFile; fileRef = D78015CD1D242C9400A0CD13 /* NSString+Size.m */; };
		D78015E71D2611EE00A0CD13 /* LocationHelper.m in Sources */ = {isa = PBXBuildFile; fileRef = D78015E31D2611EE00A0CD13 /* LocationHelper.m */; };
		D78015E81D2611EE00A0CD13 /* StoryBoardUtilities.m in Sources */ = {isa = PBXBuildFile; fileRef = D78015E61D2611EE00A0CD13 /* StoryBoardUtilities.m */; };
		D78015EB1D26124200A0CD13 /* LocationManager.m in Sources */ = {isa = PBXBuildFile; fileRef = D78015EA1D26124200A0CD13 /* LocationManager.m */; };
		D78DD66E1D2836850060B2E7 /* CALayer+FSExtension.m in Sources */ = {isa = PBXBuildFile; fileRef = D78DD64F1D2836850060B2E7 /* CALayer+FSExtension.m */; };
		D78DD66F1D2836850060B2E7 /* FSCalendar+DateTools.m in Sources */ = {isa = PBXBuildFile; fileRef = D78DD6501D2836850060B2E7 /* FSCalendar+DateTools.m */; };
		D78DD6701D2836850060B2E7 /* FSCalendar+Deprecated.m in Sources */ = {isa = PBXBuildFile; fileRef = D78DD6511D2836850060B2E7 /* FSCalendar+Deprecated.m */; };
		D78DD6711D2836850060B2E7 /* FSCalendar+IBExtension.m in Sources */ = {isa = PBXBuildFile; fileRef = D78DD6531D2836850060B2E7 /* FSCalendar+IBExtension.m */; };
		D78DD6721D2836850060B2E7 /* FSCalendar.m in Sources */ = {isa = PBXBuildFile; fileRef = D78DD6551D2836850060B2E7 /* FSCalendar.m */; };
		D78DD6731D2836850060B2E7 /* FSCalendarAnimator.m in Sources */ = {isa = PBXBuildFile; fileRef = D78DD6571D2836850060B2E7 /* FSCalendarAnimator.m */; };
		D78DD6741D2836850060B2E7 /* FSCalendarAppearance.m in Sources */ = {isa = PBXBuildFile; fileRef = D78DD6591D2836850060B2E7 /* FSCalendarAppearance.m */; };
		D78DD6751D2836850060B2E7 /* FSCalendarCell.m in Sources */ = {isa = PBXBuildFile; fileRef = D78DD65B1D2836850060B2E7 /* FSCalendarCell.m */; };
		D78DD6761D2836850060B2E7 /* FSCalendarCollectionView.m in Sources */ = {isa = PBXBuildFile; fileRef = D78DD65D1D2836850060B2E7 /* FSCalendarCollectionView.m */; };
		D78DD6771D2836850060B2E7 /* FSCalendarConstance.m in Sources */ = {isa = PBXBuildFile; fileRef = D78DD65F1D2836850060B2E7 /* FSCalendarConstance.m */; };
		D78DD6781D2836850060B2E7 /* FSCalendarEventIndicator.m in Sources */ = {isa = PBXBuildFile; fileRef = D78DD6621D2836850060B2E7 /* FSCalendarEventIndicator.m */; };
		D78DD6791D2836850060B2E7 /* FSCalendarFlowLayout.m in Sources */ = {isa = PBXBuildFile; fileRef = D78DD6641D2836850060B2E7 /* FSCalendarFlowLayout.m */; };
		D78DD67A1D2836850060B2E7 /* FSCalendarHeader.m in Sources */ = {isa = PBXBuildFile; fileRef = D78DD6661D2836850060B2E7 /* FSCalendarHeader.m */; };
		D78DD67B1D2836850060B2E7 /* FSCalendarScopeHandle.m in Sources */ = {isa = PBXBuildFile; fileRef = D78DD6681D2836850060B2E7 /* FSCalendarScopeHandle.m */; };
		D78DD67C1D2836850060B2E7 /* FSCalendarStickyHeader.m in Sources */ = {isa = PBXBuildFile; fileRef = D78DD66A1D2836850060B2E7 /* FSCalendarStickyHeader.m */; };
		D78DD67D1D2836850060B2E7 /* Info.plist in Resources */ = {isa = PBXBuildFile; fileRef = D78DD66B1D2836850060B2E7 /* Info.plist */; };
		D78DD67E1D2836850060B2E7 /* UIView+FSExtension.m in Sources */ = {isa = PBXBuildFile; fileRef = D78DD66D1D2836850060B2E7 /* UIView+FSExtension.m */; };
		D78DD6831D29FE810060B2E7 /* GPSLocationManager.m in Sources */ = {isa = PBXBuildFile; fileRef = D78DD6801D29FE810060B2E7 /* GPSLocationManager.m */; };
		D78DD6841D29FE810060B2E7 /* MHLocationConverter.m in Sources */ = {isa = PBXBuildFile; fileRef = D78DD6821D29FE810060B2E7 /* MHLocationConverter.m */; };
/* End PBXBuildFile section */

/* Begin PBXContainerItemProxy section */
		D75BCAB91D13ED0900FDF5F3 /* PBXContainerItemProxy */ = {
			isa = PBXContainerItemProxy;
			containerPortal = D75BCA971D13ED0800FDF5F3 /* Project object */;
			proxyType = 1;
			remoteGlobalIDString = D75BCA9E1D13ED0800FDF5F3;
			remoteInfo = "Save+";
		};
/* End PBXContainerItemProxy section */

/* Begin PBXFileReference section */
		010F22C38795282ED054C65B /* libPods-Save+.a */ = {isa = PBXFileReference; explicitFileType = archive.ar; includeInIndex = 0; path = "libPods-Save+.a"; sourceTree = BUILT_PRODUCTS_DIR; };
		4564418ADCC49F43508F4033 /* Pods-Save+.debug.xcconfig */ = {isa = PBXFileReference; includeInIndex = 1; lastKnownFileType = text.xcconfig; name = "Pods-Save+.debug.xcconfig"; path = "Pods/Target Support Files/Pods-Save+/Pods-Save+.debug.xcconfig"; sourceTree = "<group>"; };
		68EF3EEAB3954E1D6127091E /* Pods-Save+.release.xcconfig */ = {isa = PBXFileReference; includeInIndex = 1; lastKnownFileType = text.xcconfig; name = "Pods-Save+.release.xcconfig"; path = "Pods/Target Support Files/Pods-Save+/Pods-Save+.release.xcconfig"; sourceTree = "<group>"; };
		D732BE711D2A04B9000029A9 /* HLLLocationView.h */ = {isa = PBXFileReference; fileEncoding = 4; lastKnownFileType = sourcecode.c.h; path = HLLLocationView.h; sourceTree = "<group>"; };
		D732BE721D2A04B9000029A9 /* HLLLocationView.m */ = {isa = PBXFileReference; fileEncoding = 4; lastKnownFileType = sourcecode.c.objc; path = HLLLocationView.m; sourceTree = "<group>"; };
		D74433981D2A592900693546 /* ZASyncURLConnection.h */ = {isa = PBXFileReference; fileEncoding = 4; lastKnownFileType = sourcecode.c.h; path = ZASyncURLConnection.h; sourceTree = "<group>"; };
		D74433991D2A592900693546 /* ZASyncURLConnection.m */ = {isa = PBXFileReference; fileEncoding = 4; lastKnownFileType = sourcecode.c.objc; path = ZASyncURLConnection.m; sourceTree = "<group>"; };
		D744339B1D2A59A000693546 /* UIImage+ImageEffects.h */ = {isa = PBXFileReference; fileEncoding = 4; lastKnownFileType = sourcecode.c.h; path = "UIImage+ImageEffects.h"; sourceTree = "<group>"; };
		D744339C1D2A59A000693546 /* UIImage+ImageEffects.m */ = {isa = PBXFileReference; fileEncoding = 4; lastKnownFileType = sourcecode.c.objc; path = "UIImage+ImageEffects.m"; sourceTree = "<group>"; };
		D74433A61D2B51D700693546 /* HLLBillTableViewCell.h */ = {isa = PBXFileReference; fileEncoding = 4; lastKnownFileType = sourcecode.c.h; path = HLLBillTableViewCell.h; sourceTree = "<group>"; };
		D74433A71D2B51D700693546 /* HLLBillTableViewCell.m */ = {isa = PBXFileReference; fileEncoding = 4; lastKnownFileType = sourcecode.c.objc; path = HLLBillTableViewCell.m; sourceTree = "<group>"; };
		D74433A81D2B51D700693546 /* HLLBillTableViewCell.xib */ = {isa = PBXFileReference; fileEncoding = 4; lastKnownFileType = file.xib; path = HLLBillTableViewCell.xib; sourceTree = "<group>"; };
		D74433AB1D2B525000693546 /* HLLBillSectionHeaderView.h */ = {isa = PBXFileReference; fileEncoding = 4; lastKnownFileType = sourcecode.c.h; path = HLLBillSectionHeaderView.h; sourceTree = "<group>"; };
		D74433AC1D2B525000693546 /* HLLBillSectionHeaderView.m */ = {isa = PBXFileReference; fileEncoding = 4; lastKnownFileType = sourcecode.c.objc; path = HLLBillSectionHeaderView.m; sourceTree = "<group>"; };
		D74433AE1D2B525A00693546 /* HLLBillSectionHeaderView.xib */ = {isa = PBXFileReference; fileEncoding = 4; lastKnownFileType = file.xib; path = HLLBillSectionHeaderView.xib; sourceTree = "<group>"; };
		D74433B01D2B5C9D00693546 /* HLLBillManager.h */ = {isa = PBXFileReference; fileEncoding = 4; lastKnownFileType = sourcecode.c.h; path = HLLBillManager.h; sourceTree = "<group>"; };
		D74433B11D2B5C9D00693546 /* HLLBillManager.m */ = {isa = PBXFileReference; fileEncoding = 4; lastKnownFileType = sourcecode.c.objc; path = HLLBillManager.m; sourceTree = "<group>"; };
		D75BCA9F1D13ED0800FDF5F3 /* Save+.app */ = {isa = PBXFileReference; explicitFileType = wrapper.application; includeInIndex = 0; path = "Save+.app"; sourceTree = BUILT_PRODUCTS_DIR; };
		D75BCAA31D13ED0900FDF5F3 /* main.m */ = {isa = PBXFileReference; lastKnownFileType = sourcecode.c.objc; path = main.m; sourceTree = "<group>"; };
		D75BCAA51D13ED0900FDF5F3 /* AppDelegate.h */ = {isa = PBXFileReference; lastKnownFileType = sourcecode.c.h; path = AppDelegate.h; sourceTree = "<group>"; };
		D75BCAA61D13ED0900FDF5F3 /* AppDelegate.m */ = {isa = PBXFileReference; lastKnownFileType = sourcecode.c.objc; path = AppDelegate.m; sourceTree = "<group>"; };
		D75BCAAE1D13ED0900FDF5F3 /* Assets.xcassets */ = {isa = PBXFileReference; lastKnownFileType = folder.assetcatalog; path = Assets.xcassets; sourceTree = "<group>"; };
		D75BCAB31D13ED0900FDF5F3 /* Info.plist */ = {isa = PBXFileReference; lastKnownFileType = text.plist.xml; path = Info.plist; sourceTree = "<group>"; };
		D75BCAB81D13ED0900FDF5F3 /* Save+UITests.xctest */ = {isa = PBXFileReference; explicitFileType = wrapper.cfbundle; includeInIndex = 0; path = "Save+UITests.xctest"; sourceTree = BUILT_PRODUCTS_DIR; };
		D75BCABC1D13ED0900FDF5F3 /* Save_UITests.m */ = {isa = PBXFileReference; lastKnownFileType = sourcecode.c.objc; path = Save_UITests.m; sourceTree = "<group>"; };
		D75BCABE1D13ED0900FDF5F3 /* Info.plist */ = {isa = PBXFileReference; lastKnownFileType = text.plist.xml; path = Info.plist; sourceTree = "<group>"; };
		D75BCACF1D13EE4000FDF5F3 /* HLLInputView.h */ = {isa = PBXFileReference; fileEncoding = 4; lastKnownFileType = sourcecode.c.h; path = HLLInputView.h; sourceTree = "<group>"; };
		D75BCAD01D13EE4000FDF5F3 /* HLLInputView.m */ = {isa = PBXFileReference; fileEncoding = 4; lastKnownFileType = sourcecode.c.objc; path = HLLInputView.m; sourceTree = "<group>"; };
		D75BCAD11D13EE4000FDF5F3 /* HLLInputView.xib */ = {isa = PBXFileReference; fileEncoding = 4; lastKnownFileType = file.xib; path = HLLInputView.xib; sourceTree = "<group>"; };
		D75BCAD51D13EE9A00FDF5F3 /* PrefixHeader.pch */ = {isa = PBXFileReference; lastKnownFileType = sourcecode.c.h; path = PrefixHeader.pch; sourceTree = "<group>"; };
		D75BCAD71D13EED000FDF5F3 /* LaunchScreen.storyboard */ = {isa = PBXFileReference; fileEncoding = 4; lastKnownFileType = file.storyboard; path = LaunchScreen.storyboard; sourceTree = "<group>"; };
		D75BCAD81D13EED000FDF5F3 /* Main.storyboard */ = {isa = PBXFileReference; fileEncoding = 4; lastKnownFileType = file.storyboard; path = Main.storyboard; sourceTree = "<group>"; };
		D75BCADC1D13EF8900FDF5F3 /* Lato-Bold.ttf */ = {isa = PBXFileReference; lastKnownFileType = file; path = "Lato-Bold.ttf"; sourceTree = "<group>"; };
		D75BCADD1D13EF8900FDF5F3 /* Lato-Light.ttf */ = {isa = PBXFileReference; lastKnownFileType = file; path = "Lato-Light.ttf"; sourceTree = "<group>"; };
		D75BCADE1D13EF8900FDF5F3 /* Lato-Regular.ttf */ = {isa = PBXFileReference; lastKnownFileType = file; path = "Lato-Regular.ttf"; sourceTree = "<group>"; };
		D75BCADF1D13EF8900FDF5F3 /* Lato-Thin.ttf */ = {isa = PBXFileReference; lastKnownFileType = file; path = "Lato-Thin.ttf"; sourceTree = "<group>"; };
		D75BCAE01D13EF8900FDF5F3 /* Lato-ThinItalic.ttf */ = {isa = PBXFileReference; lastKnownFileType = file; path = "Lato-ThinItalic.ttf"; sourceTree = "<group>"; };
		D75BCAEE1D18D29700FDF5F3 /* ViewController.h */ = {isa = PBXFileReference; fileEncoding = 4; lastKnownFileType = sourcecode.c.h; path = ViewController.h; sourceTree = "<group>"; };
		D75BCAEF1D18D29700FDF5F3 /* ViewController.m */ = {isa = PBXFileReference; fileEncoding = 4; lastKnownFileType = sourcecode.c.objc; path = ViewController.m; sourceTree = "<group>"; };
		D75BCAF11D18D2FE00FDF5F3 /* HLLBill.h */ = {isa = PBXFileReference; fileEncoding = 4; lastKnownFileType = sourcecode.c.h; path = HLLBill.h; sourceTree = "<group>"; };
		D75BCAF21D18D2FE00FDF5F3 /* HLLBill.m */ = {isa = PBXFileReference; fileEncoding = 4; lastKnownFileType = sourcecode.c.objc; path = HLLBill.m; sourceTree = "<group>"; };
		D75BCAF41D18D31E00FDF5F3 /* HLLKeyboardView.h */ = {isa = PBXFileReference; fileEncoding = 4; lastKnownFileType = sourcecode.c.h; path = HLLKeyboardView.h; sourceTree = "<group>"; };
		D75BCAF51D18D31E00FDF5F3 /* HLLKeyboardView.m */ = {isa = PBXFileReference; fileEncoding = 4; lastKnownFileType = sourcecode.c.objc; path = HLLKeyboardView.m; sourceTree = "<group>"; };
		D75BCAF71D18D32700FDF5F3 /* HLLKeyboardView.xib */ = {isa = PBXFileReference; fileEncoding = 4; lastKnownFileType = file.xib; path = HLLKeyboardView.xib; sourceTree = "<group>"; };
		D75BCAFA1D18D57400FDF5F3 /* HLLCategoryView.h */ = {isa = PBXFileReference; fileEncoding = 4; lastKnownFileType = sourcecode.c.h; path = HLLCategoryView.h; sourceTree = "<group>"; };
		D75BCAFB1D18D57400FDF5F3 /* HLLCategoryView.m */ = {isa = PBXFileReference; fileEncoding = 4; lastKnownFileType = sourcecode.c.objc; path = HLLCategoryView.m; sourceTree = "<group>"; };
		D75BCAFD1D18D58200FDF5F3 /* HLLCategoryView.xib */ = {isa = PBXFileReference; fileEncoding = 4; lastKnownFileType = file.xib; path = HLLCategoryView.xib; sourceTree = "<group>"; };
		D75BCB041D18D88400FDF5F3 /* HLLCategoryCollectionViewCell.h */ = {isa = PBXFileReference; fileEncoding = 4; lastKnownFileType = sourcecode.c.h; path = HLLCategoryCollectionViewCell.h; sourceTree = "<group>"; };
		D75BCB051D18D88400FDF5F3 /* HLLCategoryCollectionViewCell.m */ = {isa = PBXFileReference; fileEncoding = 4; lastKnownFileType = sourcecode.c.objc; path = HLLCategoryCollectionViewCell.m; sourceTree = "<group>"; };
		D75BCB061D18D88400FDF5F3 /* HLLCategoryCollectionViewCell.xib */ = {isa = PBXFileReference; fileEncoding = 4; lastKnownFileType = file.xib; path = HLLCategoryCollectionViewCell.xib; sourceTree = "<group>"; };
		D75BCB091D18D8AA00FDF5F3 /* HLLCategoryCollectionView.h */ = {isa = PBXFileReference; fileEncoding = 4; lastKnownFileType = sourcecode.c.h; path = HLLCategoryCollectionView.h; sourceTree = "<group>"; };
		D75BCB0A1D18D8AA00FDF5F3 /* HLLCategoryCollectionView.m */ = {isa = PBXFileReference; fileEncoding = 4; lastKnownFileType = sourcecode.c.objc; path = HLLCategoryCollectionView.m; sourceTree = "<group>"; };
		D75BCB0C1D18EC2600FDF5F3 /* HLLCategory.h */ = {isa = PBXFileReference; fileEncoding = 4; lastKnownFileType = sourcecode.c.h; path = HLLCategory.h; sourceTree = "<group>"; };
		D75BCB0D1D18EC2600FDF5F3 /* HLLCategory.m */ = {isa = PBXFileReference; fileEncoding = 4; lastKnownFileType = sourcecode.c.objc; path = HLLCategory.m; sourceTree = "<group>"; };
		D75BCB111D190CC500FDF5F3 /* HLLNibCellProtocol.h */ = {isa = PBXFileReference; fileEncoding = 4; lastKnownFileType = sourcecode.c.h; path = HLLNibCellProtocol.h; sourceTree = "<group>"; };
		D75BCB121D190CC500FDF5F3 /* HLLNibProtocol.h */ = {isa = PBXFileReference; fileEncoding = 4; lastKnownFileType = sourcecode.c.h; path = HLLNibProtocol.h; sourceTree = "<group>"; };
		D75BCB131D19214600FDF5F3 /* HLLKeyBoardInputButton.h */ = {isa = PBXFileReference; fileEncoding = 4; lastKnownFileType = sourcecode.c.h; path = HLLKeyBoardInputButton.h; sourceTree = "<group>"; };
		D75BCB141D19214600FDF5F3 /* HLLKeyBoardInputButton.m */ = {isa = PBXFileReference; fileEncoding = 4; lastKnownFileType = sourcecode.c.objc; path = HLLKeyBoardInputButton.m; sourceTree = "<group>"; };
		D75BCB1A1D1922F900FDF5F3 /* UIButton+ImageWithColor.h */ = {isa = PBXFileReference; fileEncoding = 4; lastKnownFileType = sourcecode.c.h; path = "UIButton+ImageWithColor.h"; sourceTree = "<group>"; };
		D75BCB1B1D1922F900FDF5F3 /* UIButton+ImageWithColor.m */ = {isa = PBXFileReference; fileEncoding = 4; lastKnownFileType = sourcecode.c.objc; path = "UIButton+ImageWithColor.m"; sourceTree = "<group>"; };
		D75BCB1C1D1922F900FDF5F3 /* UIColor+Common.h */ = {isa = PBXFileReference; fileEncoding = 4; lastKnownFileType = sourcecode.c.h; path = "UIColor+Common.h"; sourceTree = "<group>"; };
		D75BCB1D1D1922F900FDF5F3 /* UIColor+Common.m */ = {isa = PBXFileReference; fileEncoding = 4; lastKnownFileType = sourcecode.c.objc; path = "UIColor+Common.m"; sourceTree = "<group>"; };
		D75BCB1E1D1922F900FDF5F3 /* UIImage+Common.h */ = {isa = PBXFileReference; fileEncoding = 4; lastKnownFileType = sourcecode.c.h; path = "UIImage+Common.h"; sourceTree = "<group>"; };
		D75BCB1F1D1922F900FDF5F3 /* UIImage+Common.m */ = {isa = PBXFileReference; fileEncoding = 4; lastKnownFileType = sourcecode.c.objc; path = "UIImage+Common.m"; sourceTree = "<group>"; };
		D75BCB201D1922F900FDF5F3 /* UIImage+Tint.h */ = {isa = PBXFileReference; fileEncoding = 4; lastKnownFileType = sourcecode.c.h; path = "UIImage+Tint.h"; sourceTree = "<group>"; };
		D75BCB211D1922F900FDF5F3 /* UIImage+Tint.m */ = {isa = PBXFileReference; fileEncoding = 4; lastKnownFileType = sourcecode.c.objc; path = "UIImage+Tint.m"; sourceTree = "<group>"; };
		D75BCB221D1922F900FDF5F3 /* UIView+Common.h */ = {isa = PBXFileReference; fileEncoding = 4; lastKnownFileType = sourcecode.c.h; path = "UIView+Common.h"; sourceTree = "<group>"; };
		D75BCB231D1922F900FDF5F3 /* UIView+Common.m */ = {isa = PBXFileReference; fileEncoding = 4; lastKnownFileType = sourcecode.c.objc; path = "UIView+Common.m"; sourceTree = "<group>"; };
		D75BCB241D1922F900FDF5F3 /* UIView+Round.h */ = {isa = PBXFileReference; fileEncoding = 4; lastKnownFileType = sourcecode.c.h; path = "UIView+Round.h"; sourceTree = "<group>"; };
		D75BCB251D1922F900FDF5F3 /* UIView+Round.m */ = {isa = PBXFileReference; fileEncoding = 4; lastKnownFileType = sourcecode.c.objc; path = "UIView+Round.m"; sourceTree = "<group>"; };
		D75BCB2C1D19233300FDF5F3 /* DefaineManager.h */ = {isa = PBXFileReference; lastKnownFileType = sourcecode.c.h; path = DefaineManager.h; sourceTree = "<group>"; };
		D75BCB2D1D1928FF00FDF5F3 /* HLLCategoryHelper.h */ = {isa = PBXFileReference; fileEncoding = 4; lastKnownFileType = sourcecode.c.h; path = HLLCategoryHelper.h; sourceTree = "<group>"; };
		D75BCB2E1D1928FF00FDF5F3 /* HLLCategoryHelper.m */ = {isa = PBXFileReference; fileEncoding = 4; lastKnownFileType = sourcecode.c.objc; path = HLLCategoryHelper.m; sourceTree = "<group>"; };
		D75BCB301D1933FC00FDF5F3 /* HLLCategoryCellContentView.h */ = {isa = PBXFileReference; fileEncoding = 4; lastKnownFileType = sourcecode.c.h; path = HLLCategoryCellContentView.h; sourceTree = "<group>"; };
		D75BCB311D1933FC00FDF5F3 /* HLLCategoryCellContentView.m */ = {isa = PBXFileReference; fileEncoding = 4; lastKnownFileType = sourcecode.c.objc; path = HLLCategoryCellContentView.m; sourceTree = "<group>"; };
		D75BCB331D1949DE00FDF5F3 /* HLLKeyboardController.h */ = {isa = PBXFileReference; fileEncoding = 4; lastKnownFileType = sourcecode.c.h; path = HLLKeyboardController.h; sourceTree = "<group>"; };
		D75BCB341D1949DE00FDF5F3 /* HLLKeyboardController.m */ = {isa = PBXFileReference; fileEncoding = 4; lastKnownFileType = sourcecode.c.objc; path = HLLKeyboardController.m; sourceTree = "<group>"; };
		D75BCB361D1989B000FDF5F3 /* HLLKeyboardSplitView.h */ = {isa = PBXFileReference; fileEncoding = 4; lastKnownFileType = sourcecode.c.h; path = HLLKeyboardSplitView.h; sourceTree = "<group>"; };
		D75BCB371D1989B000FDF5F3 /* HLLKeyboardSplitView.m */ = {isa = PBXFileReference; fileEncoding = 4; lastKnownFileType = sourcecode.c.objc; path = HLLKeyboardSplitView.m; sourceTree = "<group>"; };
		D75BCB391D19A48500FDF5F3 /* HLLAnimationProtocol.h */ = {isa = PBXFileReference; fileEncoding = 4; lastKnownFileType = sourcecode.c.h; path = HLLAnimationProtocol.h; sourceTree = "<group>"; };
		D766A8381D201271005D769C /* HLLNoteView.h */ = {isa = PBXFileReference; fileEncoding = 4; lastKnownFileType = sourcecode.c.h; path = HLLNoteView.h; sourceTree = "<group>"; };
		D766A8391D201271005D769C /* HLLNoteView.m */ = {isa = PBXFileReference; fileEncoding = 4; lastKnownFileType = sourcecode.c.objc; path = HLLNoteView.m; sourceTree = "<group>"; };
		D766A83B1D2012A2005D769C /* HLLCommitView.h */ = {isa = PBXFileReference; fileEncoding = 4; lastKnownFileType = sourcecode.c.h; path = HLLCommitView.h; sourceTree = "<group>"; };
		D766A83C1D2012A2005D769C /* HLLCommitView.m */ = {isa = PBXFileReference; fileEncoding = 4; lastKnownFileType = sourcecode.c.objc; path = HLLCommitView.m; sourceTree = "<group>"; };
		D766A83F1D202387005D769C /* UIPlaceHolderTextView.h */ = {isa = PBXFileReference; fileEncoding = 4; lastKnownFileType = sourcecode.c.h; path = UIPlaceHolderTextView.h; sourceTree = "<group>"; };
		D766A8401D202387005D769C /* UIPlaceHolderTextView.m */ = {isa = PBXFileReference; fileEncoding = 4; lastKnownFileType = sourcecode.c.objc; path = UIPlaceHolderTextView.m; sourceTree = "<group>"; };
		D766A8421D2025A1005D769C /* DefaineAnimation.h */ = {isa = PBXFileReference; lastKnownFileType = sourcecode.c.h; path = DefaineAnimation.h; sourceTree = "<group>"; };
		D766A8431D203576005D769C /* HLLSettingViewController.h */ = {isa = PBXFileReference; fileEncoding = 4; lastKnownFileType = sourcecode.c.h; path = HLLSettingViewController.h; sourceTree = "<group>"; };
		D766A8441D203576005D769C /* HLLSettingViewController.m */ = {isa = PBXFileReference; fileEncoding = 4; lastKnownFileType = sourcecode.c.objc; path = HLLSettingViewController.m; sourceTree = "<group>"; };
		D766A8461D203637005D769C /* Check.storyboard */ = {isa = PBXFileReference; fileEncoding = 4; lastKnownFileType = file.storyboard; path = Check.storyboard; sourceTree = "<group>"; };
		D766A8481D203678005D769C /* HLLCheckViewController.h */ = {isa = PBXFileReference; fileEncoding = 4; lastKnownFileType = sourcecode.c.h; path = HLLCheckViewController.h; sourceTree = "<group>"; };
		D766A8491D203678005D769C /* HLLCheckViewController.m */ = {isa = PBXFileReference; fileEncoding = 4; lastKnownFileType = sourcecode.c.objc; path = HLLCheckViewController.m; sourceTree = "<group>"; };
		D766A84F1D20378C005D769C /* StoryBoardIdHeader.h */ = {isa = PBXFileReference; lastKnownFileType = sourcecode.c.h; path = StoryBoardIdHeader.h; sourceTree = "<group>"; };
		D78015B61D237F2800A0CD13 /* HLLTouchIDHelper.h */ = {isa = PBXFileReference; fileEncoding = 4; lastKnownFileType = sourcecode.c.h; path = HLLTouchIDHelper.h; sourceTree = "<group>"; };
		D78015B71D237F2800A0CD13 /* HLLTouchIDHelper.m */ = {isa = PBXFileReference; fileEncoding = 4; lastKnownFileType = sourcecode.c.objc; path = HLLTouchIDHelper.m; sourceTree = "<group>"; };
		D78015BA1D239EC300A0CD13 /* HLLSettingTableViewCell.h */ = {isa = PBXFileReference; fileEncoding = 4; lastKnownFileType = sourcecode.c.h; path = HLLSettingTableViewCell.h; sourceTree = "<group>"; };
		D78015BB1D239EC300A0CD13 /* HLLSettingTableViewCell.m */ = {isa = PBXFileReference; fileEncoding = 4; lastKnownFileType = sourcecode.c.objc; path = HLLSettingTableViewCell.m; sourceTree = "<group>"; };
		D78015BC1D239EC300A0CD13 /* HLLSettingTableViewCell.xib */ = {isa = PBXFileReference; fileEncoding = 4; lastKnownFileType = file.xib; path = HLLSettingTableViewCell.xib; sourceTree = "<group>"; };
		D78015C01D23A1C100A0CD13 /* HLLSettingDataSource.h */ = {isa = PBXFileReference; fileEncoding = 4; lastKnownFileType = sourcecode.c.h; path = HLLSettingDataSource.h; sourceTree = "<group>"; };
		D78015C11D23A1C100A0CD13 /* HLLSettingDataSource.m */ = {isa = PBXFileReference; fileEncoding = 4; lastKnownFileType = sourcecode.c.objc; path = HLLSettingDataSource.m; sourceTree = "<group>"; };
		D78015C31D23A92E00A0CD13 /* HLLToggle.h */ = {isa = PBXFileReference; fileEncoding = 4; lastKnownFileType = sourcecode.c.h; path = HLLToggle.h; sourceTree = "<group>"; };
		D78015C41D23A92E00A0CD13 /* HLLToggle.m */ = {isa = PBXFileReference; fileEncoding = 4; lastKnownFileType = sourcecode.c.objc; path = HLLToggle.m; sourceTree = "<group>"; };
		D78015C61D23AC2E00A0CD13 /* UITableView+Line.h */ = {isa = PBXFileReference; fileEncoding = 4; lastKnownFileType = sourcecode.c.h; path = "UITableView+Line.h"; sourceTree = "<group>"; };
		D78015C71D23AC2E00A0CD13 /* UITableView+Line.m */ = {isa = PBXFileReference; fileEncoding = 4; lastKnownFileType = sourcecode.c.objc; path = "UITableView+Line.m"; sourceTree = "<group>"; };
		D78015C91D23ADDC00A0CD13 /* HLLSetting.h */ = {isa = PBXFileReference; fileEncoding = 4; lastKnownFileType = sourcecode.c.h; path = HLLSetting.h; sourceTree = "<group>"; };
		D78015CA1D23ADDC00A0CD13 /* HLLSetting.m */ = {isa = PBXFileReference; fileEncoding = 4; lastKnownFileType = sourcecode.c.objc; path = HLLSetting.m; sourceTree = "<group>"; };
		D78015CC1D242C9400A0CD13 /* NSString+Size.h */ = {isa = PBXFileReference; fileEncoding = 4; lastKnownFileType = sourcecode.c.h; path = "NSString+Size.h"; sourceTree = "<group>"; };
		D78015CD1D242C9400A0CD13 /* NSString+Size.m */ = {isa = PBXFileReference; fileEncoding = 4; lastKnownFileType = sourcecode.c.objc; path = "NSString+Size.m"; sourceTree = "<group>"; };
		D78015E21D2611EE00A0CD13 /* LocationHelper.h */ = {isa = PBXFileReference; fileEncoding = 4; lastKnownFileType = sourcecode.c.h; path = LocationHelper.h; sourceTree = "<group>"; };
		D78015E31D2611EE00A0CD13 /* LocationHelper.m */ = {isa = PBXFileReference; fileEncoding = 4; lastKnownFileType = sourcecode.c.objc; path = LocationHelper.m; sourceTree = "<group>"; };
		D78015E51D2611EE00A0CD13 /* StoryBoardUtilities.h */ = {isa = PBXFileReference; fileEncoding = 4; lastKnownFileType = sourcecode.c.h; path = StoryBoardUtilities.h; sourceTree = "<group>"; };
		D78015E61D2611EE00A0CD13 /* StoryBoardUtilities.m */ = {isa = PBXFileReference; fileEncoding = 4; lastKnownFileType = sourcecode.c.objc; path = StoryBoardUtilities.m; sourceTree = "<group>"; };
		D78015E91D26124200A0CD13 /* LocationManager.h */ = {isa = PBXFileReference; fileEncoding = 4; lastKnownFileType = sourcecode.c.h; path = LocationManager.h; sourceTree = "<group>"; };
		D78015EA1D26124200A0CD13 /* LocationManager.m */ = {isa = PBXFileReference; fileEncoding = 4; lastKnownFileType = sourcecode.c.objc; path = LocationManager.m; sourceTree = "<group>"; };
		D78DD64E1D2836850060B2E7 /* CALayer+FSExtension.h */ = {isa = PBXFileReference; fileEncoding = 4; lastKnownFileType = sourcecode.c.h; path = "CALayer+FSExtension.h"; sourceTree = "<group>"; };
		D78DD64F1D2836850060B2E7 /* CALayer+FSExtension.m */ = {isa = PBXFileReference; fileEncoding = 4; lastKnownFileType = sourcecode.c.objc; path = "CALayer+FSExtension.m"; sourceTree = "<group>"; };
		D78DD6501D2836850060B2E7 /* FSCalendar+DateTools.m */ = {isa = PBXFileReference; fileEncoding = 4; lastKnownFileType = sourcecode.c.objc; path = "FSCalendar+DateTools.m"; sourceTree = "<group>"; };
		D78DD6511D2836850060B2E7 /* FSCalendar+Deprecated.m */ = {isa = PBXFileReference; fileEncoding = 4; lastKnownFileType = sourcecode.c.objc; path = "FSCalendar+Deprecated.m"; sourceTree = "<group>"; };
		D78DD6521D2836850060B2E7 /* FSCalendar+IBExtension.h */ = {isa = PBXFileReference; fileEncoding = 4; lastKnownFileType = sourcecode.c.h; path = "FSCalendar+IBExtension.h"; sourceTree = "<group>"; };
		D78DD6531D2836850060B2E7 /* FSCalendar+IBExtension.m */ = {isa = PBXFileReference; fileEncoding = 4; lastKnownFileType = sourcecode.c.objc; path = "FSCalendar+IBExtension.m"; sourceTree = "<group>"; };
		D78DD6541D2836850060B2E7 /* FSCalendar.h */ = {isa = PBXFileReference; fileEncoding = 4; lastKnownFileType = sourcecode.c.h; path = FSCalendar.h; sourceTree = "<group>"; };
		D78DD6551D2836850060B2E7 /* FSCalendar.m */ = {isa = PBXFileReference; fileEncoding = 4; lastKnownFileType = sourcecode.c.objc; path = FSCalendar.m; sourceTree = "<group>"; };
		D78DD6561D2836850060B2E7 /* FSCalendarAnimator.h */ = {isa = PBXFileReference; fileEncoding = 4; lastKnownFileType = sourcecode.c.h; path = FSCalendarAnimator.h; sourceTree = "<group>"; };
		D78DD6571D2836850060B2E7 /* FSCalendarAnimator.m */ = {isa = PBXFileReference; fileEncoding = 4; lastKnownFileType = sourcecode.c.objc; path = FSCalendarAnimator.m; sourceTree = "<group>"; };
		D78DD6581D2836850060B2E7 /* FSCalendarAppearance.h */ = {isa = PBXFileReference; fileEncoding = 4; lastKnownFileType = sourcecode.c.h; path = FSCalendarAppearance.h; sourceTree = "<group>"; };
		D78DD6591D2836850060B2E7 /* FSCalendarAppearance.m */ = {isa = PBXFileReference; fileEncoding = 4; lastKnownFileType = sourcecode.c.objc; path = FSCalendarAppearance.m; sourceTree = "<group>"; };
		D78DD65A1D2836850060B2E7 /* FSCalendarCell.h */ = {isa = PBXFileReference; fileEncoding = 4; lastKnownFileType = sourcecode.c.h; path = FSCalendarCell.h; sourceTree = "<group>"; };
		D78DD65B1D2836850060B2E7 /* FSCalendarCell.m */ = {isa = PBXFileReference; fileEncoding = 4; lastKnownFileType = sourcecode.c.objc; path = FSCalendarCell.m; sourceTree = "<group>"; };
		D78DD65C1D2836850060B2E7 /* FSCalendarCollectionView.h */ = {isa = PBXFileReference; fileEncoding = 4; lastKnownFileType = sourcecode.c.h; path = FSCalendarCollectionView.h; sourceTree = "<group>"; };
		D78DD65D1D2836850060B2E7 /* FSCalendarCollectionView.m */ = {isa = PBXFileReference; fileEncoding = 4; lastKnownFileType = sourcecode.c.objc; path = FSCalendarCollectionView.m; sourceTree = "<group>"; };
		D78DD65E1D2836850060B2E7 /* FSCalendarConstance.h */ = {isa = PBXFileReference; fileEncoding = 4; lastKnownFileType = sourcecode.c.h; path = FSCalendarConstance.h; sourceTree = "<group>"; };
		D78DD65F1D2836850060B2E7 /* FSCalendarConstance.m */ = {isa = PBXFileReference; fileEncoding = 4; lastKnownFileType = sourcecode.c.objc; path = FSCalendarConstance.m; sourceTree = "<group>"; };
		D78DD6601D2836850060B2E7 /* FSCalendarDynamicHeader.h */ = {isa = PBXFileReference; fileEncoding = 4; lastKnownFileType = sourcecode.c.h; path = FSCalendarDynamicHeader.h; sourceTree = "<group>"; };
		D78DD6611D2836850060B2E7 /* FSCalendarEventIndicator.h */ = {isa = PBXFileReference; fileEncoding = 4; lastKnownFileType = sourcecode.c.h; path = FSCalendarEventIndicator.h; sourceTree = "<group>"; };
		D78DD6621D2836850060B2E7 /* FSCalendarEventIndicator.m */ = {isa = PBXFileReference; fileEncoding = 4; lastKnownFileType = sourcecode.c.objc; path = FSCalendarEventIndicator.m; sourceTree = "<group>"; };
		D78DD6631D2836850060B2E7 /* FSCalendarFlowLayout.h */ = {isa = PBXFileReference; fileEncoding = 4; lastKnownFileType = sourcecode.c.h; path = FSCalendarFlowLayout.h; sourceTree = "<group>"; };
		D78DD6641D2836850060B2E7 /* FSCalendarFlowLayout.m */ = {isa = PBXFileReference; fileEncoding = 4; lastKnownFileType = sourcecode.c.objc; path = FSCalendarFlowLayout.m; sourceTree = "<group>"; };
		D78DD6651D2836850060B2E7 /* FSCalendarHeader.h */ = {isa = PBXFileReference; fileEncoding = 4; lastKnownFileType = sourcecode.c.h; path = FSCalendarHeader.h; sourceTree = "<group>"; };
		D78DD6661D2836850060B2E7 /* FSCalendarHeader.m */ = {isa = PBXFileReference; fileEncoding = 4; lastKnownFileType = sourcecode.c.objc; path = FSCalendarHeader.m; sourceTree = "<group>"; };
		D78DD6671D2836850060B2E7 /* FSCalendarScopeHandle.h */ = {isa = PBXFileReference; fileEncoding = 4; lastKnownFileType = sourcecode.c.h; path = FSCalendarScopeHandle.h; sourceTree = "<group>"; };
		D78DD6681D2836850060B2E7 /* FSCalendarScopeHandle.m */ = {isa = PBXFileReference; fileEncoding = 4; lastKnownFileType = sourcecode.c.objc; path = FSCalendarScopeHandle.m; sourceTree = "<group>"; };
		D78DD6691D2836850060B2E7 /* FSCalendarStickyHeader.h */ = {isa = PBXFileReference; fileEncoding = 4; lastKnownFileType = sourcecode.c.h; path = FSCalendarStickyHeader.h; sourceTree = "<group>"; };
		D78DD66A1D2836850060B2E7 /* FSCalendarStickyHeader.m */ = {isa = PBXFileReference; fileEncoding = 4; lastKnownFileType = sourcecode.c.objc; path = FSCalendarStickyHeader.m; sourceTree = "<group>"; };
		D78DD66B1D2836850060B2E7 /* Info.plist */ = {isa = PBXFileReference; fileEncoding = 4; lastKnownFileType = text.plist.xml; path = Info.plist; sourceTree = "<group>"; };
		D78DD66C1D2836850060B2E7 /* UIView+FSExtension.h */ = {isa = PBXFileReference; fileEncoding = 4; lastKnownFileType = sourcecode.c.h; path = "UIView+FSExtension.h"; sourceTree = "<group>"; };
		D78DD66D1D2836850060B2E7 /* UIView+FSExtension.m */ = {isa = PBXFileReference; fileEncoding = 4; lastKnownFileType = sourcecode.c.objc; path = "UIView+FSExtension.m"; sourceTree = "<group>"; };
		D78DD67F1D29FE810060B2E7 /* GPSLocationManager.h */ = {isa = PBXFileReference; fileEncoding = 4; lastKnownFileType = sourcecode.c.h; path = GPSLocationManager.h; sourceTree = "<group>"; };
		D78DD6801D29FE810060B2E7 /* GPSLocationManager.m */ = {isa = PBXFileReference; fileEncoding = 4; lastKnownFileType = sourcecode.c.objc; path = GPSLocationManager.m; sourceTree = "<group>"; };
		D78DD6811D29FE810060B2E7 /* MHLocationConverter.h */ = {isa = PBXFileReference; fileEncoding = 4; lastKnownFileType = sourcecode.c.h; path = MHLocationConverter.h; sourceTree = "<group>"; };
		D78DD6821D29FE810060B2E7 /* MHLocationConverter.m */ = {isa = PBXFileReference; fileEncoding = 4; lastKnownFileType = sourcecode.c.objc; path = MHLocationConverter.m; sourceTree = "<group>"; };
		D78DD6851D29FEB40060B2E7 /* SingletonTemplate.h */ = {isa = PBXFileReference; lastKnownFileType = sourcecode.c.h; path = SingletonTemplate.h; sourceTree = "<group>"; };
/* End PBXFileReference section */

/* Begin PBXFrameworksBuildPhase section */
		D75BCA9C1D13ED0800FDF5F3 /* Frameworks */ = {
			isa = PBXFrameworksBuildPhase;
			buildActionMask = 2147483647;
			files = (
				189E788E62DD12FA304C3591 /* libPods-Save+.a in Frameworks */,
			);
			runOnlyForDeploymentPostprocessing = 0;
		};
		D75BCAB51D13ED0900FDF5F3 /* Frameworks */ = {
			isa = PBXFrameworksBuildPhase;
			buildActionMask = 2147483647;
			files = (
			);
			runOnlyForDeploymentPostprocessing = 0;
		};
/* End PBXFrameworksBuildPhase section */

/* Begin PBXGroup section */
		0450ADBBC1C89E3A0D30E8E1 /* Pods */ = {
			isa = PBXGroup;
			children = (
				4564418ADCC49F43508F4033 /* Pods-Save+.debug.xcconfig */,
				68EF3EEAB3954E1D6127091E /* Pods-Save+.release.xcconfig */,
			);
			name = Pods;
			sourceTree = "<group>";
		};
		D74433971D2A592900693546 /* ZASyncURLConnection */ = {
			isa = PBXGroup;
			children = (
				D74433981D2A592900693546 /* ZASyncURLConnection.h */,
				D74433991D2A592900693546 /* ZASyncURLConnection.m */,
			);
			path = ZASyncURLConnection;
			sourceTree = "<group>";
		};
		D75BCA961D13ED0800FDF5F3 = {
			isa = PBXGroup;
			children = (
				D75BCAA11D13ED0900FDF5F3 /* Save+ */,
				D75BCABB1D13ED0900FDF5F3 /* Save+UITests */,
				D75BCAA01D13ED0900FDF5F3 /* Products */,
				0450ADBBC1C89E3A0D30E8E1 /* Pods */,
				F581B8B936A840EE44657540 /* Frameworks */,
			);
			sourceTree = "<group>";
		};
		D75BCAA01D13ED0900FDF5F3 /* Products */ = {
			isa = PBXGroup;
			children = (
				D75BCA9F1D13ED0800FDF5F3 /* Save+.app */,
				D75BCAB81D13ED0900FDF5F3 /* Save+UITests.xctest */,
			);
			name = Products;
			sourceTree = "<group>";
		};
		D75BCAA11D13ED0900FDF5F3 /* Save+ */ = {
			isa = PBXGroup;
			children = (
				D75BCAA51D13ED0900FDF5F3 /* AppDelegate.h */,
				D75BCAA61D13ED0900FDF5F3 /* AppDelegate.m */,
				D75BCAD61D13EED000FDF5F3 /* Storyboard */,
				D75BCAED1D18D29700FDF5F3 /* Controller */,
				D75BCACE1D13EE4000FDF5F3 /* View */,
				D75BCAEC1D18D28100FDF5F3 /* Model */,
				D75BCB171D19226A00FDF5F3 /* Utilities */,
				D75BCB161D19226A00FDF5F3 /* Third-Party */,
				D75BCAD41D13EE6500FDF5F3 /* Resource */,
				D75BCAC81D13ED8900FDF5F3 /* File */,
				D75BCAA21D13ED0900FDF5F3 /* Supporting Files */,
			);
			path = "Save+";
			sourceTree = "<group>";
		};
		D75BCAA21D13ED0900FDF5F3 /* Supporting Files */ = {
			isa = PBXGroup;
			children = (
				D75BCAA31D13ED0900FDF5F3 /* main.m */,
			);
			name = "Supporting Files";
			sourceTree = "<group>";
		};
		D75BCABB1D13ED0900FDF5F3 /* Save+UITests */ = {
			isa = PBXGroup;
			children = (
				D75BCABC1D13ED0900FDF5F3 /* Save_UITests.m */,
				D75BCABE1D13ED0900FDF5F3 /* Info.plist */,
			);
			path = "Save+UITests";
			sourceTree = "<group>";
		};
		D75BCAC81D13ED8900FDF5F3 /* File */ = {
			isa = PBXGroup;
			children = (
				D75BCAAE1D13ED0900FDF5F3 /* Assets.xcassets */,
				D75BCAD51D13EE9A00FDF5F3 /* PrefixHeader.pch */,
				D75BCAB31D13ED0900FDF5F3 /* Info.plist */,
			);
			name = File;
			sourceTree = "<group>";
		};
		D75BCACE1D13EE4000FDF5F3 /* View */ = {
			isa = PBXGroup;
			children = (
				D78015B91D239EA600A0CD13 /* TableViewCell */,
				D75BCACF1D13EE4000FDF5F3 /* HLLInputView.h */,
				D75BCAD01D13EE4000FDF5F3 /* HLLInputView.m */,
				D75BCAD11D13EE4000FDF5F3 /* HLLInputView.xib */,
				D75BCAFA1D18D57400FDF5F3 /* HLLCategoryView.h */,
				D75BCAFB1D18D57400FDF5F3 /* HLLCategoryView.m */,
				D75BCAFD1D18D58200FDF5F3 /* HLLCategoryView.xib */,
				D75BCB091D18D8AA00FDF5F3 /* HLLCategoryCollectionView.h */,
				D75BCB0A1D18D8AA00FDF5F3 /* HLLCategoryCollectionView.m */,
				D75BCB041D18D88400FDF5F3 /* HLLCategoryCollectionViewCell.h */,
				D75BCB051D18D88400FDF5F3 /* HLLCategoryCollectionViewCell.m */,
				D75BCB061D18D88400FDF5F3 /* HLLCategoryCollectionViewCell.xib */,
				D75BCB301D1933FC00FDF5F3 /* HLLCategoryCellContentView.h */,
				D75BCB311D1933FC00FDF5F3 /* HLLCategoryCellContentView.m */,
				D75BCAF41D18D31E00FDF5F3 /* HLLKeyboardView.h */,
				D75BCAF51D18D31E00FDF5F3 /* HLLKeyboardView.m */,
				D75BCAF71D18D32700FDF5F3 /* HLLKeyboardView.xib */,
				D75BCB131D19214600FDF5F3 /* HLLKeyBoardInputButton.h */,
				D75BCB141D19214600FDF5F3 /* HLLKeyBoardInputButton.m */,
				D75BCB361D1989B000FDF5F3 /* HLLKeyboardSplitView.h */,
				D75BCB371D1989B000FDF5F3 /* HLLKeyboardSplitView.m */,
				D766A8381D201271005D769C /* HLLNoteView.h */,
				D766A8391D201271005D769C /* HLLNoteView.m */,
				D766A83B1D2012A2005D769C /* HLLCommitView.h */,
				D766A83C1D2012A2005D769C /* HLLCommitView.m */,
				D78015C31D23A92E00A0CD13 /* HLLToggle.h */,
				D78015C41D23A92E00A0CD13 /* HLLToggle.m */,
				D732BE711D2A04B9000029A9 /* HLLLocationView.h */,
				D732BE721D2A04B9000029A9 /* HLLLocationView.m */,
				D74433AB1D2B525000693546 /* HLLBillSectionHeaderView.h */,
				D74433AC1D2B525000693546 /* HLLBillSectionHeaderView.m */,
				D74433AE1D2B525A00693546 /* HLLBillSectionHeaderView.xib */,
			);
			path = View;
			sourceTree = "<group>";
		};
		D75BCAD41D13EE6500FDF5F3 /* Resource */ = {
			isa = PBXGroup;
			children = (
				D75BCAE61D13EF9300FDF5F3 /* Image */,
				D75BCADB1D13EF8900FDF5F3 /* Fonts */,
			);
			path = Resource;
			sourceTree = "<group>";
		};
		D75BCAD61D13EED000FDF5F3 /* Storyboard */ = {
			isa = PBXGroup;
			children = (
				D75BCAD81D13EED000FDF5F3 /* Main.storyboard */,
				D766A8461D203637005D769C /* Check.storyboard */,
				D75BCAD71D13EED000FDF5F3 /* LaunchScreen.storyboard */,
			);
			path = Storyboard;
			sourceTree = "<group>";
		};
		D75BCADB1D13EF8900FDF5F3 /* Fonts */ = {
			isa = PBXGroup;
			children = (
				D75BCADC1D13EF8900FDF5F3 /* Lato-Bold.ttf */,
				D75BCADD1D13EF8900FDF5F3 /* Lato-Light.ttf */,
				D75BCADE1D13EF8900FDF5F3 /* Lato-Regular.ttf */,
				D75BCADF1D13EF8900FDF5F3 /* Lato-Thin.ttf */,
				D75BCAE01D13EF8900FDF5F3 /* Lato-ThinItalic.ttf */,
			);
			path = Fonts;
			sourceTree = "<group>";
		};
		D75BCAE61D13EF9300FDF5F3 /* Image */ = {
			isa = PBXGroup;
			children = (
			);
			path = Image;
			sourceTree = "<group>";
		};
		D75BCAEC1D18D28100FDF5F3 /* Model */ = {
			isa = PBXGroup;
			children = (
				D75BCAF11D18D2FE00FDF5F3 /* HLLBill.h */,
				D75BCAF21D18D2FE00FDF5F3 /* HLLBill.m */,
				D75BCB0C1D18EC2600FDF5F3 /* HLLCategory.h */,
				D75BCB0D1D18EC2600FDF5F3 /* HLLCategory.m */,
				D78015C91D23ADDC00A0CD13 /* HLLSetting.h */,
				D78015CA1D23ADDC00A0CD13 /* HLLSetting.m */,
				D75BCB2D1D1928FF00FDF5F3 /* HLLCategoryHelper.h */,
				D75BCB2E1D1928FF00FDF5F3 /* HLLCategoryHelper.m */,
				D78015B61D237F2800A0CD13 /* HLLTouchIDHelper.h */,
				D78015B71D237F2800A0CD13 /* HLLTouchIDHelper.m */,
				D74433B01D2B5C9D00693546 /* HLLBillManager.h */,
				D74433B11D2B5C9D00693546 /* HLLBillManager.m */,
				D78015BF1D23A1AE00A0CD13 /* DataSource */,
				D75BCB101D190CC500FDF5F3 /* Protocol */,
			);
			path = Model;
			sourceTree = "<group>";
		};
		D75BCAED1D18D29700FDF5F3 /* Controller */ = {
			isa = PBXGroup;
			children = (
				D75BCAEE1D18D29700FDF5F3 /* ViewController.h */,
				D75BCAEF1D18D29700FDF5F3 /* ViewController.m */,
				D75BCB331D1949DE00FDF5F3 /* HLLKeyboardController.h */,
				D75BCB341D1949DE00FDF5F3 /* HLLKeyboardController.m */,
				D766A8481D203678005D769C /* HLLCheckViewController.h */,
				D766A8491D203678005D769C /* HLLCheckViewController.m */,
				D766A8431D203576005D769C /* HLLSettingViewController.h */,
				D766A8441D203576005D769C /* HLLSettingViewController.m */,
			);
			path = Controller;
			sourceTree = "<group>";
		};
		D75BCB101D190CC500FDF5F3 /* Protocol */ = {
			isa = PBXGroup;
			children = (
				D75BCB111D190CC500FDF5F3 /* HLLNibCellProtocol.h */,
				D75BCB121D190CC500FDF5F3 /* HLLNibProtocol.h */,
				D75BCB391D19A48500FDF5F3 /* HLLAnimationProtocol.h */,
			);
			path = Protocol;
			sourceTree = "<group>";
		};
		D75BCB161D19226A00FDF5F3 /* Third-Party */ = {
			isa = PBXGroup;
			children = (
				D74433971D2A592900693546 /* ZASyncURLConnection */,
				D78DD64D1D2836850060B2E7 /* FSCalendar */,
				D766A83E1D202387005D769C /* PlaceHolderTextView */,
			);
			path = "Third-Party";
			sourceTree = "<group>";
		};
		D75BCB171D19226A00FDF5F3 /* Utilities */ = {
			isa = PBXGroup;
			children = (
				D766A84F1D20378C005D769C /* StoryBoardIdHeader.h */,
				D766A84B1D203750005D769C /* Utils */,
				D75BCB181D19226A00FDF5F3 /* Category */,
				D75BCB191D19226A00FDF5F3 /* Define */,
			);
			path = Utilities;
			sourceTree = "<group>";
		};
		D75BCB181D19226A00FDF5F3 /* Category */ = {
			isa = PBXGroup;
			children = (
				D78015CC1D242C9400A0CD13 /* NSString+Size.h */,
				D78015CD1D242C9400A0CD13 /* NSString+Size.m */,
				D78015C61D23AC2E00A0CD13 /* UITableView+Line.h */,
				D78015C71D23AC2E00A0CD13 /* UITableView+Line.m */,
				D75BCB1A1D1922F900FDF5F3 /* UIButton+ImageWithColor.h */,
				D75BCB1B1D1922F900FDF5F3 /* UIButton+ImageWithColor.m */,
				D75BCB1C1D1922F900FDF5F3 /* UIColor+Common.h */,
				D75BCB1D1D1922F900FDF5F3 /* UIColor+Common.m */,
				D75BCB1E1D1922F900FDF5F3 /* UIImage+Common.h */,
				D75BCB1F1D1922F900FDF5F3 /* UIImage+Common.m */,
				D744339B1D2A59A000693546 /* UIImage+ImageEffects.h */,
				D744339C1D2A59A000693546 /* UIImage+ImageEffects.m */,
				D75BCB201D1922F900FDF5F3 /* UIImage+Tint.h */,
				D75BCB211D1922F900FDF5F3 /* UIImage+Tint.m */,
				D75BCB221D1922F900FDF5F3 /* UIView+Common.h */,
				D75BCB231D1922F900FDF5F3 /* UIView+Common.m */,
				D75BCB241D1922F900FDF5F3 /* UIView+Round.h */,
				D75BCB251D1922F900FDF5F3 /* UIView+Round.m */,
			);
			path = Category;
			sourceTree = "<group>";
		};
		D75BCB191D19226A00FDF5F3 /* Define */ = {
			isa = PBXGroup;
			children = (
				D78DD6851D29FEB40060B2E7 /* SingletonTemplate.h */,
				D75BCB2C1D19233300FDF5F3 /* DefaineManager.h */,
				D766A8421D2025A1005D769C /* DefaineAnimation.h */,
			);
			path = Define;
			sourceTree = "<group>";
		};
		D766A83E1D202387005D769C /* PlaceHolderTextView */ = {
			isa = PBXGroup;
			children = (
				D766A83F1D202387005D769C /* UIPlaceHolderTextView.h */,
				D766A8401D202387005D769C /* UIPlaceHolderTextView.m */,
			);
			path = PlaceHolderTextView;
			sourceTree = "<group>";
		};
		D766A84B1D203750005D769C /* Utils */ = {
			isa = PBXGroup;
			children = (
				D78015E11D2611EE00A0CD13 /* LocationHelper */,
				D78015E41D2611EE00A0CD13 /* StoryBoardHelper */,
			);
			path = Utils;
			sourceTree = "<group>";
		};
		D78015B91D239EA600A0CD13 /* TableViewCell */ = {
			isa = PBXGroup;
			children = (
				D78015BA1D239EC300A0CD13 /* HLLSettingTableViewCell.h */,
				D78015BB1D239EC300A0CD13 /* HLLSettingTableViewCell.m */,
				D78015BC1D239EC300A0CD13 /* HLLSettingTableViewCell.xib */,
				D74433A61D2B51D700693546 /* HLLBillTableViewCell.h */,
				D74433A71D2B51D700693546 /* HLLBillTableViewCell.m */,
				D74433A81D2B51D700693546 /* HLLBillTableViewCell.xib */,
			);
			path = TableViewCell;
			sourceTree = "<group>";
		};
		D78015BF1D23A1AE00A0CD13 /* DataSource */ = {
			isa = PBXGroup;
			children = (
				D78015C01D23A1C100A0CD13 /* HLLSettingDataSource.h */,
				D78015C11D23A1C100A0CD13 /* HLLSettingDataSource.m */,
			);
			path = DataSource;
			sourceTree = "<group>";
		};
		D78015E11D2611EE00A0CD13 /* LocationHelper */ = {
			isa = PBXGroup;
			children = (
				D78DD67F1D29FE810060B2E7 /* GPSLocationManager.h */,
				D78DD6801D29FE810060B2E7 /* GPSLocationManager.m */,
				D78DD6811D29FE810060B2E7 /* MHLocationConverter.h */,
				D78DD6821D29FE810060B2E7 /* MHLocationConverter.m */,
				D78015E21D2611EE00A0CD13 /* LocationHelper.h */,
				D78015E31D2611EE00A0CD13 /* LocationHelper.m */,
				D78015E91D26124200A0CD13 /* LocationManager.h */,
				D78015EA1D26124200A0CD13 /* LocationManager.m */,
			);
			path = LocationHelper;
			sourceTree = "<group>";
		};
		D78015E41D2611EE00A0CD13 /* StoryBoardHelper */ = {
			isa = PBXGroup;
			children = (
				D78015E51D2611EE00A0CD13 /* StoryBoardUtilities.h */,
				D78015E61D2611EE00A0CD13 /* StoryBoardUtilities.m */,
			);
			path = StoryBoardHelper;
			sourceTree = "<group>";
		};
		D78DD64D1D2836850060B2E7 /* FSCalendar */ = {
			isa = PBXGroup;
			children = (
				D78DD64E1D2836850060B2E7 /* CALayer+FSExtension.h */,
				D78DD64F1D2836850060B2E7 /* CALayer+FSExtension.m */,
				D78DD6501D2836850060B2E7 /* FSCalendar+DateTools.m */,
				D78DD6511D2836850060B2E7 /* FSCalendar+Deprecated.m */,
				D78DD6521D2836850060B2E7 /* FSCalendar+IBExtension.h */,
				D78DD6531D2836850060B2E7 /* FSCalendar+IBExtension.m */,
				D78DD6541D2836850060B2E7 /* FSCalendar.h */,
				D78DD6551D2836850060B2E7 /* FSCalendar.m */,
				D78DD6561D2836850060B2E7 /* FSCalendarAnimator.h */,
				D78DD6571D2836850060B2E7 /* FSCalendarAnimator.m */,
				D78DD6581D2836850060B2E7 /* FSCalendarAppearance.h */,
				D78DD6591D2836850060B2E7 /* FSCalendarAppearance.m */,
				D78DD65A1D2836850060B2E7 /* FSCalendarCell.h */,
				D78DD65B1D2836850060B2E7 /* FSCalendarCell.m */,
				D78DD65C1D2836850060B2E7 /* FSCalendarCollectionView.h */,
				D78DD65D1D2836850060B2E7 /* FSCalendarCollectionView.m */,
				D78DD65E1D2836850060B2E7 /* FSCalendarConstance.h */,
				D78DD65F1D2836850060B2E7 /* FSCalendarConstance.m */,
				D78DD6601D2836850060B2E7 /* FSCalendarDynamicHeader.h */,
				D78DD6611D2836850060B2E7 /* FSCalendarEventIndicator.h */,
				D78DD6621D2836850060B2E7 /* FSCalendarEventIndicator.m */,
				D78DD6631D2836850060B2E7 /* FSCalendarFlowLayout.h */,
				D78DD6641D2836850060B2E7 /* FSCalendarFlowLayout.m */,
				D78DD6651D2836850060B2E7 /* FSCalendarHeader.h */,
				D78DD6661D2836850060B2E7 /* FSCalendarHeader.m */,
				D78DD6671D2836850060B2E7 /* FSCalendarScopeHandle.h */,
				D78DD6681D2836850060B2E7 /* FSCalendarScopeHandle.m */,
				D78DD6691D2836850060B2E7 /* FSCalendarStickyHeader.h */,
				D78DD66A1D2836850060B2E7 /* FSCalendarStickyHeader.m */,
				D78DD66B1D2836850060B2E7 /* Info.plist */,
				D78DD66C1D2836850060B2E7 /* UIView+FSExtension.h */,
				D78DD66D1D2836850060B2E7 /* UIView+FSExtension.m */,
			);
			path = FSCalendar;
			sourceTree = "<group>";
		};
		F581B8B936A840EE44657540 /* Frameworks */ = {
			isa = PBXGroup;
			children = (
				010F22C38795282ED054C65B /* libPods-Save+.a */,
			);
			name = Frameworks;
			sourceTree = "<group>";
		};
/* End PBXGroup section */

/* Begin PBXNativeTarget section */
		D75BCA9E1D13ED0800FDF5F3 /* Save+ */ = {
			isa = PBXNativeTarget;
			buildConfigurationList = D75BCAC11D13ED0900FDF5F3 /* Build configuration list for PBXNativeTarget "Save+" */;
			buildPhases = (
				7CFC0073297557124AD7183A /* Check Pods Manifest.lock */,
				D75BCA9B1D13ED0800FDF5F3 /* Sources */,
				D75BCA9C1D13ED0800FDF5F3 /* Frameworks */,
				D75BCA9D1D13ED0800FDF5F3 /* Resources */,
				0E19851207A30BD7AE040BFE /* Embed Pods Frameworks */,
				B8C5957FA94D5B7CD0BEF710 /* Copy Pods Resources */,
			);
			buildRules = (
			);
			dependencies = (
			);
			name = "Save+";
			productName = "Save+";
			productReference = D75BCA9F1D13ED0800FDF5F3 /* Save+.app */;
			productType = "com.apple.product-type.application";
		};
		D75BCAB71D13ED0900FDF5F3 /* Save+UITests */ = {
			isa = PBXNativeTarget;
			buildConfigurationList = D75BCAC41D13ED0900FDF5F3 /* Build configuration list for PBXNativeTarget "Save+UITests" */;
			buildPhases = (
				D75BCAB41D13ED0900FDF5F3 /* Sources */,
				D75BCAB51D13ED0900FDF5F3 /* Frameworks */,
				D75BCAB61D13ED0900FDF5F3 /* Resources */,
			);
			buildRules = (
			);
			dependencies = (
				D75BCABA1D13ED0900FDF5F3 /* PBXTargetDependency */,
			);
			name = "Save+UITests";
			productName = "Save+UITests";
			productReference = D75BCAB81D13ED0900FDF5F3 /* Save+UITests.xctest */;
			productType = "com.apple.product-type.bundle.ui-testing";
		};
/* End PBXNativeTarget section */

/* Begin PBXProject section */
		D75BCA971D13ED0800FDF5F3 /* Project object */ = {
			isa = PBXProject;
			attributes = {
				LastUpgradeCheck = 0730;
				ORGANIZATIONNAME = "Rocky Young";
				TargetAttributes = {
					D75BCA9E1D13ED0800FDF5F3 = {
						CreatedOnToolsVersion = 7.3;
						DevelopmentTeam = C34MU2RM49;
						DevelopmentTeamName = "Shanghai xiangu Network Technology Co., Ltd.";
					};
					D75BCAB71D13ED0900FDF5F3 = {
						CreatedOnToolsVersion = 7.3;
						TestTargetID = D75BCA9E1D13ED0800FDF5F3;
					};
				};
			};
			buildConfigurationList = D75BCA9A1D13ED0800FDF5F3 /* Build configuration list for PBXProject "Save+" */;
			compatibilityVersion = "Xcode 3.2";
			developmentRegion = English;
			hasScannedForEncodings = 0;
			knownRegions = (
				en,
				Base,
			);
			mainGroup = D75BCA961D13ED0800FDF5F3;
			productRefGroup = D75BCAA01D13ED0900FDF5F3 /* Products */;
			projectDirPath = "";
			projectRoot = "";
			targets = (
				D75BCA9E1D13ED0800FDF5F3 /* Save+ */,
				D75BCAB71D13ED0900FDF5F3 /* Save+UITests */,
			);
		};
/* End PBXProject section */

/* Begin PBXResourcesBuildPhase section */
		D75BCA9D1D13ED0800FDF5F3 /* Resources */ = {
			isa = PBXResourcesBuildPhase;
			buildActionMask = 2147483647;
			files = (
				D75BCAD91D13EED000FDF5F3 /* LaunchScreen.storyboard in Resources */,
				D766A8471D203637005D769C /* Check.storyboard in Resources */,
				D75BCB081D18D88400FDF5F3 /* HLLCategoryCollectionViewCell.xib in Resources */,
				D74433AF1D2B525A00693546 /* HLLBillSectionHeaderView.xib in Resources */,
				D75BCAFE1D18D58200FDF5F3 /* HLLCategoryView.xib in Resources */,
				D75BCAE51D13EF8900FDF5F3 /* Lato-ThinItalic.ttf in Resources */,
				D75BCAE41D13EF8900FDF5F3 /* Lato-Thin.ttf in Resources */,
				D75BCAE11D13EF8900FDF5F3 /* Lato-Bold.ttf in Resources */,
				D75BCAD31D13EE4000FDF5F3 /* HLLInputView.xib in Resources */,
				D78DD67D1D2836850060B2E7 /* Info.plist in Resources */,
				D75BCAE21D13EF8900FDF5F3 /* Lato-Light.ttf in Resources */,
				D78015BE1D239EC300A0CD13 /* HLLSettingTableViewCell.xib in Resources */,
				D75BCAE31D13EF8900FDF5F3 /* Lato-Regular.ttf in Resources */,
				D75BCAAF1D13ED0900FDF5F3 /* Assets.xcassets in Resources */,
				D75BCAF81D18D32700FDF5F3 /* HLLKeyboardView.xib in Resources */,
				D75BCADA1D13EED000FDF5F3 /* Main.storyboard in Resources */,
				D74433AA1D2B51D700693546 /* HLLBillTableViewCell.xib in Resources */,
			);
			runOnlyForDeploymentPostprocessing = 0;
		};
		D75BCAB61D13ED0900FDF5F3 /* Resources */ = {
			isa = PBXResourcesBuildPhase;
			buildActionMask = 2147483647;
			files = (
			);
			runOnlyForDeploymentPostprocessing = 0;
		};
/* End PBXResourcesBuildPhase section */

/* Begin PBXShellScriptBuildPhase section */
		0E19851207A30BD7AE040BFE /* Embed Pods Frameworks */ = {
			isa = PBXShellScriptBuildPhase;
			buildActionMask = 2147483647;
			files = (
			);
			inputPaths = (
			);
			name = "Embed Pods Frameworks";
			outputPaths = (
			);
			runOnlyForDeploymentPostprocessing = 0;
			shellPath = /bin/sh;
			shellScript = "\"${SRCROOT}/Pods/Target Support Files/Pods-Save+/Pods-Save+-frameworks.sh\"\n";
			showEnvVarsInLog = 0;
		};
		7CFC0073297557124AD7183A /* Check Pods Manifest.lock */ = {
			isa = PBXShellScriptBuildPhase;
			buildActionMask = 2147483647;
			files = (
			);
			inputPaths = (
			);
			name = "Check Pods Manifest.lock";
			outputPaths = (
			);
			runOnlyForDeploymentPostprocessing = 0;
			shellPath = /bin/sh;
			shellScript = "diff \"${PODS_ROOT}/../Podfile.lock\" \"${PODS_ROOT}/Manifest.lock\" > /dev/null\nif [[ $? != 0 ]] ; then\n    cat << EOM\nerror: The sandbox is not in sync with the Podfile.lock. Run 'pod install' or update your CocoaPods installation.\nEOM\n    exit 1\nfi\n";
			showEnvVarsInLog = 0;
		};
		B8C5957FA94D5B7CD0BEF710 /* Copy Pods Resources */ = {
			isa = PBXShellScriptBuildPhase;
			buildActionMask = 2147483647;
			files = (
			);
			inputPaths = (
			);
			name = "Copy Pods Resources";
			outputPaths = (
			);
			runOnlyForDeploymentPostprocessing = 0;
			shellPath = /bin/sh;
			shellScript = "\"${SRCROOT}/Pods/Target Support Files/Pods-Save+/Pods-Save+-resources.sh\"\n";
			showEnvVarsInLog = 0;
		};
/* End PBXShellScriptBuildPhase section */

/* Begin PBXSourcesBuildPhase section */
		D75BCA9B1D13ED0800FDF5F3 /* Sources */ = {
			isa = PBXSourcesBuildPhase;
			buildActionMask = 2147483647;
			files = (
				D75BCB271D1922F900FDF5F3 /* UIColor+Common.m in Sources */,
				D78015CE1D242C9400A0CD13 /* NSString+Size.m in Sources */,
				D75BCB151D19214600FDF5F3 /* HLLKeyBoardInputButton.m in Sources */,
				D75BCAE71D13F04D00FDF5F3 /* Lato-Bold.ttf in Sources */,
				D75BCB321D1933FC00FDF5F3 /* HLLCategoryCellContentView.m in Sources */,
				D78015E81D2611EE00A0CD13 /* StoryBoardUtilities.m in Sources */,
				D78DD6711D2836850060B2E7 /* FSCalendar+IBExtension.m in Sources */,
				D78DD6771D2836850060B2E7 /* FSCalendarConstance.m in Sources */,
				D78DD6761D2836850060B2E7 /* FSCalendarCollectionView.m in Sources */,
				D744339A1D2A592900693546 /* ZASyncURLConnection.m in Sources */,
				D75BCAF31D18D2FE00FDF5F3 /* HLLBill.m in Sources */,
				D78DD6751D2836850060B2E7 /* FSCalendarCell.m in Sources */,
				D75BCB0E1D18EC2600FDF5F3 /* HLLCategory.m in Sources */,
				D75BCB2B1D1922F900FDF5F3 /* UIView+Round.m in Sources */,
				D75BCAE81D13F04D00FDF5F3 /* Lato-Light.ttf in Sources */,
				D78DD67E1D2836850060B2E7 /* UIView+FSExtension.m in Sources */,
				D78DD67C1D2836850060B2E7 /* FSCalendarStickyHeader.m in Sources */,
				D74433AD1D2B525000693546 /* HLLBillSectionHeaderView.m in Sources */,
				D78DD6731D2836850060B2E7 /* FSCalendarAnimator.m in Sources */,
				D75BCAE91D13F04D00FDF5F3 /* Lato-Regular.ttf in Sources */,
				D78015E71D2611EE00A0CD13 /* LocationHelper.m in Sources */,
				D78DD66F1D2836850060B2E7 /* FSCalendar+DateTools.m in Sources */,
				D75BCB2A1D1922F900FDF5F3 /* UIView+Common.m in Sources */,
				D74433A91D2B51D700693546 /* HLLBillTableViewCell.m in Sources */,
				D78DD67A1D2836850060B2E7 /* FSCalendarHeader.m in Sources */,
				D78015EB1D26124200A0CD13 /* LocationManager.m in Sources */,
				D78DD66E1D2836850060B2E7 /* CALayer+FSExtension.m in Sources */,
				D78015C21D23A1C100A0CD13 /* HLLSettingDataSource.m in Sources */,
				D78DD6831D29FE810060B2E7 /* GPSLocationManager.m in Sources */,
				D78DD6791D2836850060B2E7 /* FSCalendarFlowLayout.m in Sources */,
				D75BCB281D1922F900FDF5F3 /* UIImage+Common.m in Sources */,
				D732BE731D2A04B9000029A9 /* HLLLocationView.m in Sources */,
				D75BCAEA1D13F04D00FDF5F3 /* Lato-Thin.ttf in Sources */,
				D766A8451D203576005D769C /* HLLSettingViewController.m in Sources */,
				D78DD67B1D2836850060B2E7 /* FSCalendarScopeHandle.m in Sources */,
				D75BCB2F1D1928FF00FDF5F3 /* HLLCategoryHelper.m in Sources */,
				D75BCAFC1D18D57400FDF5F3 /* HLLCategoryView.m in Sources */,
				D75BCAF61D18D31E00FDF5F3 /* HLLKeyboardView.m in Sources */,
				D75BCB0B1D18D8AA00FDF5F3 /* HLLCategoryCollectionView.m in Sources */,
				D75BCB351D1949DE00FDF5F3 /* HLLKeyboardController.m in Sources */,
				D74433B21D2B5C9D00693546 /* HLLBillManager.m in Sources */,
				D78DD6701D2836850060B2E7 /* FSCalendar+Deprecated.m in Sources */,
				D75BCB381D1989B000FDF5F3 /* HLLKeyboardSplitView.m in Sources */,
				D78015C51D23A92E00A0CD13 /* HLLToggle.m in Sources */,
				D766A83D1D2012A2005D769C /* HLLCommitView.m in Sources */,
				D766A8411D202387005D769C /* UIPlaceHolderTextView.m in Sources */,
				D75BCB291D1922F900FDF5F3 /* UIImage+Tint.m in Sources */,
				D78015CB1D23ADDC00A0CD13 /* HLLSetting.m in Sources */,
				D78DD6841D29FE810060B2E7 /* MHLocationConverter.m in Sources */,
				D75BCAF01D18D29700FDF5F3 /* ViewController.m in Sources */,
				D75BCAEB1D13F04D00FDF5F3 /* Lato-ThinItalic.ttf in Sources */,
				D78DD6741D2836850060B2E7 /* FSCalendarAppearance.m in Sources */,
				D75BCAD21D13EE4000FDF5F3 /* HLLInputView.m in Sources */,
				D78015C81D23AC2E00A0CD13 /* UITableView+Line.m in Sources */,
				D75BCAA71D13ED0900FDF5F3 /* AppDelegate.m in Sources */,
				D78015B81D237F2800A0CD13 /* HLLTouchIDHelper.m in Sources */,
				D75BCB071D18D88400FDF5F3 /* HLLCategoryCollectionViewCell.m in Sources */,
				D78DD6721D2836850060B2E7 /* FSCalendar.m in Sources */,
				D75BCB261D1922F900FDF5F3 /* UIButton+ImageWithColor.m in Sources */,
				D78DD6781D2836850060B2E7 /* FSCalendarEventIndicator.m in Sources */,
				D766A83A1D201271005D769C /* HLLNoteView.m in Sources */,
				D744339D1D2A59A000693546 /* UIImage+ImageEffects.m in Sources */,
				D78015BD1D239EC300A0CD13 /* HLLSettingTableViewCell.m in Sources */,
				D766A84A1D203678005D769C /* HLLCheckViewController.m in Sources */,
				D75BCAA41D13ED0900FDF5F3 /* main.m in Sources */,
			);
			runOnlyForDeploymentPostprocessing = 0;
		};
		D75BCAB41D13ED0900FDF5F3 /* Sources */ = {
			isa = PBXSourcesBuildPhase;
			buildActionMask = 2147483647;
			files = (
				D75BCABD1D13ED0900FDF5F3 /* Save_UITests.m in Sources */,
			);
			runOnlyForDeploymentPostprocessing = 0;
		};
/* End PBXSourcesBuildPhase section */

/* Begin PBXTargetDependency section */
		D75BCABA1D13ED0900FDF5F3 /* PBXTargetDependency */ = {
			isa = PBXTargetDependency;
			target = D75BCA9E1D13ED0800FDF5F3 /* Save+ */;
			targetProxy = D75BCAB91D13ED0900FDF5F3 /* PBXContainerItemProxy */;
		};
/* End PBXTargetDependency section */

/* Begin XCBuildConfiguration section */
		D75BCABF1D13ED0900FDF5F3 /* Debug */ = {
			isa = XCBuildConfiguration;
			buildSettings = {
				ALWAYS_SEARCH_USER_PATHS = NO;
				CLANG_ANALYZER_NONNULL = YES;
				CLANG_CXX_LANGUAGE_STANDARD = "gnu++0x";
				CLANG_CXX_LIBRARY = "libc++";
				CLANG_ENABLE_MODULES = YES;
				CLANG_ENABLE_OBJC_ARC = YES;
				CLANG_WARN_BOOL_CONVERSION = YES;
				CLANG_WARN_CONSTANT_CONVERSION = YES;
				CLANG_WARN_DIRECT_OBJC_ISA_USAGE = YES_ERROR;
				CLANG_WARN_EMPTY_BODY = YES;
				CLANG_WARN_ENUM_CONVERSION = YES;
				CLANG_WARN_INT_CONVERSION = YES;
				CLANG_WARN_OBJC_ROOT_CLASS = YES_ERROR;
				CLANG_WARN_UNREACHABLE_CODE = YES;
				CLANG_WARN__DUPLICATE_METHOD_MATCH = YES;
				"CODE_SIGN_IDENTITY[sdk=iphoneos*]" = "iPhone Developer";
				COPY_PHASE_STRIP = NO;
				DEBUG_INFORMATION_FORMAT = dwarf;
				ENABLE_STRICT_OBJC_MSGSEND = YES;
				ENABLE_TESTABILITY = YES;
				GCC_C_LANGUAGE_STANDARD = gnu99;
				GCC_DYNAMIC_NO_PIC = NO;
				GCC_INCREASE_PRECOMPILED_HEADER_SHARING = YES;
				GCC_NO_COMMON_BLOCKS = YES;
				GCC_OPTIMIZATION_LEVEL = 0;
				GCC_PRECOMPILE_PREFIX_HEADER = YES;
				GCC_PREFIX_HEADER = "Save+/PrefixHeader.pch";
				GCC_PREPROCESSOR_DEFINITIONS = (
					"DEBUG=1",
					"$(inherited)",
				);
				GCC_WARN_64_TO_32_BIT_CONVERSION = YES;
				GCC_WARN_ABOUT_RETURN_TYPE = YES_ERROR;
				GCC_WARN_UNDECLARED_SELECTOR = YES;
				GCC_WARN_UNINITIALIZED_AUTOS = YES_AGGRESSIVE;
				GCC_WARN_UNUSED_FUNCTION = YES;
				GCC_WARN_UNUSED_VARIABLE = YES;
				IPHONEOS_DEPLOYMENT_TARGET = 9.3;
				MTL_ENABLE_DEBUG_INFO = YES;
				ONLY_ACTIVE_ARCH = YES;
				SDKROOT = iphoneos;
				TARGETED_DEVICE_FAMILY = "1,2";
			};
			name = Debug;
		};
		D75BCAC01D13ED0900FDF5F3 /* Release */ = {
			isa = XCBuildConfiguration;
			buildSettings = {
				ALWAYS_SEARCH_USER_PATHS = NO;
				CLANG_ANALYZER_NONNULL = YES;
				CLANG_CXX_LANGUAGE_STANDARD = "gnu++0x";
				CLANG_CXX_LIBRARY = "libc++";
				CLANG_ENABLE_MODULES = YES;
				CLANG_ENABLE_OBJC_ARC = YES;
				CLANG_WARN_BOOL_CONVERSION = YES;
				CLANG_WARN_CONSTANT_CONVERSION = YES;
				CLANG_WARN_DIRECT_OBJC_ISA_USAGE = YES_ERROR;
				CLANG_WARN_EMPTY_BODY = YES;
				CLANG_WARN_ENUM_CONVERSION = YES;
				CLANG_WARN_INT_CONVERSION = YES;
				CLANG_WARN_OBJC_ROOT_CLASS = YES_ERROR;
				CLANG_WARN_UNREACHABLE_CODE = YES;
				CLANG_WARN__DUPLICATE_METHOD_MATCH = YES;
				"CODE_SIGN_IDENTITY[sdk=iphoneos*]" = "iPhone Developer";
				COPY_PHASE_STRIP = NO;
				DEBUG_INFORMATION_FORMAT = "dwarf-with-dsym";
				ENABLE_NS_ASSERTIONS = NO;
				ENABLE_STRICT_OBJC_MSGSEND = YES;
				GCC_C_LANGUAGE_STANDARD = gnu99;
				GCC_INCREASE_PRECOMPILED_HEADER_SHARING = YES;
				GCC_NO_COMMON_BLOCKS = YES;
				GCC_PRECOMPILE_PREFIX_HEADER = YES;
				GCC_PREFIX_HEADER = "Save+/PrefixHeader.pch";
				GCC_WARN_64_TO_32_BIT_CONVERSION = YES;
				GCC_WARN_ABOUT_RETURN_TYPE = YES_ERROR;
				GCC_WARN_UNDECLARED_SELECTOR = YES;
				GCC_WARN_UNINITIALIZED_AUTOS = YES_AGGRESSIVE;
				GCC_WARN_UNUSED_FUNCTION = YES;
				GCC_WARN_UNUSED_VARIABLE = YES;
				IPHONEOS_DEPLOYMENT_TARGET = 9.3;
				MTL_ENABLE_DEBUG_INFO = NO;
				SDKROOT = iphoneos;
				TARGETED_DEVICE_FAMILY = "1,2";
				VALIDATE_PRODUCT = YES;
			};
			name = Release;
		};
		D75BCAC21D13ED0900FDF5F3 /* Debug */ = {
			isa = XCBuildConfiguration;
			baseConfigurationReference = 4564418ADCC49F43508F4033 /* Pods-Save+.debug.xcconfig */;
			buildSettings = {
				ASSETCATALOG_COMPILER_APPICON_NAME = AppIcon;
				INFOPLIST_FILE = "Save+/Info.plist";
				IPHONEOS_DEPLOYMENT_TARGET = 7.0;
				LD_RUNPATH_SEARCH_PATHS = "$(inherited) @executable_path/Frameworks";
				PRODUCT_BUNDLE_IDENTIFIER = "HLL.Save-";
				PRODUCT_NAME = "$(TARGET_NAME)";
				TARGETED_DEVICE_FAMILY = 1;
			};
			name = Debug;
		};
		D75BCAC31D13ED0900FDF5F3 /* Release */ = {
			isa = XCBuildConfiguration;
			baseConfigurationReference = 68EF3EEAB3954E1D6127091E /* Pods-Save+.release.xcconfig */;
			buildSettings = {
				ASSETCATALOG_COMPILER_APPICON_NAME = AppIcon;
				INFOPLIST_FILE = "Save+/Info.plist";
				IPHONEOS_DEPLOYMENT_TARGET = 7.0;
				LD_RUNPATH_SEARCH_PATHS = "$(inherited) @executable_path/Frameworks";
				PRODUCT_BUNDLE_IDENTIFIER = "HLL.Save-";
				PRODUCT_NAME = "$(TARGET_NAME)";
				TARGETED_DEVICE_FAMILY = 1;
			};
			name = Release;
		};
		D75BCAC51D13ED0900FDF5F3 /* Debug */ = {
			isa = XCBuildConfiguration;
			buildSettings = {
				INFOPLIST_FILE = "Save+UITests/Info.plist";
				LD_RUNPATH_SEARCH_PATHS = "$(inherited) @executable_path/Frameworks @loader_path/Frameworks";
				PRODUCT_BUNDLE_IDENTIFIER = "HLL.Save-UITests";
				PRODUCT_NAME = "$(TARGET_NAME)";
				TEST_TARGET_NAME = "Save+";
			};
			name = Debug;
		};
		D75BCAC61D13ED0900FDF5F3 /* Release */ = {
			isa = XCBuildConfiguration;
			buildSettings = {
				INFOPLIST_FILE = "Save+UITests/Info.plist";
				LD_RUNPATH_SEARCH_PATHS = "$(inherited) @executable_path/Frameworks @loader_path/Frameworks";
				PRODUCT_BUNDLE_IDENTIFIER = "HLL.Save-UITests";
				PRODUCT_NAME = "$(TARGET_NAME)";
				TEST_TARGET_NAME = "Save+";
			};
			name = Release;
		};
/* End XCBuildConfiguration section */

/* Begin XCConfigurationList section */
		D75BCA9A1D13ED0800FDF5F3 /* Build configuration list for PBXProject "Save+" */ = {
			isa = XCConfigurationList;
			buildConfigurations = (
				D75BCABF1D13ED0900FDF5F3 /* Debug */,
				D75BCAC01D13ED0900FDF5F3 /* Release */,
			);
			defaultConfigurationIsVisible = 0;
			defaultConfigurationName = Release;
		};
		D75BCAC11D13ED0900FDF5F3 /* Build configuration list for PBXNativeTarget "Save+" */ = {
			isa = XCConfigurationList;
			buildConfigurations = (
				D75BCAC21D13ED0900FDF5F3 /* Debug */,
				D75BCAC31D13ED0900FDF5F3 /* Release */,
			);
			defaultConfigurationIsVisible = 0;
			defaultConfigurationName = Release;
		};
		D75BCAC41D13ED0900FDF5F3 /* Build configuration list for PBXNativeTarget "Save+UITests" */ = {
			isa = XCConfigurationList;
			buildConfigurations = (
				D75BCAC51D13ED0900FDF5F3 /* Debug */,
				D75BCAC61D13ED0900FDF5F3 /* Release */,
			);
			defaultConfigurationIsVisible = 0;
			defaultConfigurationName = Release;
		};
/* End XCConfigurationList section */
	};
	rootObject = D75BCA971D13ED0800FDF5F3 /* Project object */;
}
