// !$*UTF8*$!
{
	archiveVersion = 1;
	classes = {
	};
	objectVersion = 46;
	objects = {

/* Begin PBXBuildFile section */
		189E788E62DD12FA304C3591 /* libPods-Save+.a in Frameworks */ = {isa = PBXBuildFile; fileRef = 010F22C38795282ED054C65B /* libPods-Save+.a */; };
		D75BCAA41D13ED0900FDF5F3 /* main.m in Sources */ = {isa = PBXBuildFile; fileRef = D75BCAA31D13ED0900FDF5F3 /* main.m */; };
		D75BCAA71D13ED0900FDF5F3 /* AppDelegate.m in Sources */ = {isa = PBXBuildFile; fileRef = D75BCAA61D13ED0900FDF5F3 /* AppDelegate.m */; };
		D75BCAAF1D13ED0900FDF5F3 /* Assets.xcassets in Resources */ = {isa = PBXBuildFile; fileRef = D75BCAAE1D13ED0900FDF5F3 /* Assets.xcassets */; };
		D75BCABD1D13ED0900FDF5F3 /* Save_UITests.m in Sources */ = {isa = PBXBuildFile; fileRef = D75BCABC1D13ED0900FDF5F3 /* Save_UITests.m */; };
		D75BCAD21D13EE4000FDF5F3 /* HLLInputView.m in Sources */ = {isa = PBXBuildFile; fileRef = D75BCAD01D13EE4000FDF5F3 /* HLLInputView.m */; };
		D75BCAD31D13EE4000FDF5F3 /* HLLInputView.xib in Resources */ = {isa = PBXBuildFile; fileRef = D75BCAD11D13EE4000FDF5F3 /* HLLInputView.xib */; };
		D75BCAD91D13EED000FDF5F3 /* LaunchScreen.storyboard in Resources */ = {isa = PBXBuildFile; fileRef = D75BCAD71D13EED000FDF5F3 /* LaunchScreen.storyboard */; };
		D75BCADA1D13EED000FDF5F3 /* Main.storyboard in Resources */ = {isa = PBXBuildFile; fileRef = D75BCAD81D13EED000FDF5F3 /* Main.storyboard */; };
		D75BCAE11D13EF8900FDF5F3 /* Lato-Bold.ttf in Resources */ = {isa = PBXBuildFile; fileRef = D75BCADC1D13EF8900FDF5F3 /* Lato-Bold.ttf */; };
		D75BCAE21D13EF8900FDF5F3 /* Lato-Light.ttf in Resources */ = {isa = PBXBuildFile; fileRef = D75BCADD1D13EF8900FDF5F3 /* Lato-Light.ttf */; };
		D75BCAE31D13EF8900FDF5F3 /* Lato-Regular.ttf in Resources */ = {isa = PBXBuildFile; fileRef = D75BCADE1D13EF8900FDF5F3 /* Lato-Regular.ttf */; };
		D75BCAE41D13EF8900FDF5F3 /* Lato-Thin.ttf in Resources */ = {isa = PBXBuildFile; fileRef = D75BCADF1D13EF8900FDF5F3 /* Lato-Thin.ttf */; };
		D75BCAE51D13EF8900FDF5F3 /* Lato-ThinItalic.ttf in Resources */ = {isa = PBXBuildFile; fileRef = D75BCAE01D13EF8900FDF5F3 /* Lato-ThinItalic.ttf */; };
		D75BCAE71D13F04D00FDF5F3 /* Lato-Bold.ttf in Sources */ = {isa = PBXBuildFile; fileRef = D75BCADC1D13EF8900FDF5F3 /* Lato-Bold.ttf */; };
		D75BCAE81D13F04D00FDF5F3 /* Lato-Light.ttf in Sources */ = {isa = PBXBuildFile; fileRef = D75BCADD1D13EF8900FDF5F3 /* Lato-Light.ttf */; };
		D75BCAE91D13F04D00FDF5F3 /* Lato-Regular.ttf in Sources */ = {isa = PBXBuildFile; fileRef = D75BCADE1D13EF8900FDF5F3 /* Lato-Regular.ttf */; };
		D75BCAEA1D13F04D00FDF5F3 /* Lato-Thin.ttf in Sources */ = {isa = PBXBuildFile; fileRef = D75BCADF1D13EF8900FDF5F3 /* Lato-Thin.ttf */; };
		D75BCAEB1D13F04D00FDF5F3 /* Lato-ThinItalic.ttf in Sources */ = {isa = PBXBuildFile; fileRef = D75BCAE01D13EF8900FDF5F3 /* Lato-ThinItalic.ttf */; };
		D75BCAF01D18D29700FDF5F3 /* ViewController.m in Sources */ = {isa = PBXBuildFile; fileRef = D75BCAEF1D18D29700FDF5F3 /* ViewController.m */; };
		D75BCAF31D18D2FE00FDF5F3 /* HLLBill.m in Sources */ = {isa = PBXBuildFile; fileRef = D75BCAF21D18D2FE00FDF5F3 /* HLLBill.m */; };
		D75BCAF61D18D31E00FDF5F3 /* HLLKeyboardView.m in Sources */ = {isa = PBXBuildFile; fileRef = D75BCAF51D18D31E00FDF5F3 /* HLLKeyboardView.m */; };
		D75BCAF81D18D32700FDF5F3 /* HLLKeyboardView.xib in Resources */ = {isa = PBXBuildFile; fileRef = D75BCAF71D18D32700FDF5F3 /* HLLKeyboardView.xib */; };
		D75BCAFC1D18D57400FDF5F3 /* HLLCategoryView.m in Sources */ = {isa = PBXBuildFile; fileRef = D75BCAFB1D18D57400FDF5F3 /* HLLCategoryView.m */; };
		D75BCAFE1D18D58200FDF5F3 /* HLLCategoryView.xib in Resources */ = {isa = PBXBuildFile; fileRef = D75BCAFD1D18D58200FDF5F3 /* HLLCategoryView.xib */; };
		D75BCB071D18D88400FDF5F3 /* HLLCategoryCollectionViewCell.m in Sources */ = {isa = PBXBuildFile; fileRef = D75BCB051D18D88400FDF5F3 /* HLLCategoryCollectionViewCell.m */; };
		D75BCB081D18D88400FDF5F3 /* HLLCategoryCollectionViewCell.xib in Resources */ = {isa = PBXBuildFile; fileRef = D75BCB061D18D88400FDF5F3 /* HLLCategoryCollectionViewCell.xib */; };
		D75BCB0B1D18D8AA00FDF5F3 /* HLLCategoryCollectionView.m in Sources */ = {isa = PBXBuildFile; fileRef = D75BCB0A1D18D8AA00FDF5F3 /* HLLCategoryCollectionView.m */; };
		D75BCB0E1D18EC2600FDF5F3 /* HLLCategory.m in Sources */ = {isa = PBXBuildFile; fileRef = D75BCB0D1D18EC2600FDF5F3 /* HLLCategory.m */; };
		D75BCB151D19214600FDF5F3 /* HLLKeyBoardInputButton.m in Sources */ = {isa = PBXBuildFile; fileRef = D75BCB141D19214600FDF5F3 /* HLLKeyBoardInputButton.m */; };
		D75BCB261D1922F900FDF5F3 /* UIButton+ImageWithColor.m in Sources */ = {isa = PBXBuildFile; fileRef = D75BCB1B1D1922F900FDF5F3 /* UIButton+ImageWithColor.m */; };
		D75BCB271D1922F900FDF5F3 /* UIColor+Common.m in Sources */ = {isa = PBXBuildFile; fileRef = D75BCB1D1D1922F900FDF5F3 /* UIColor+Common.m */; };
		D75BCB281D1922F900FDF5F3 /* UIImage+Common.m in Sources */ = {isa = PBXBuildFile; fileRef = D75BCB1F1D1922F900FDF5F3 /* UIImage+Common.m */; };
		D75BCB291D1922F900FDF5F3 /* UIImage+Tint.m in Sources */ = {isa = PBXBuildFile; fileRef = D75BCB211D1922F900FDF5F3 /* UIImage+Tint.m */; };
		D75BCB2A1D1922F900FDF5F3 /* UIView+Common.m in Sources */ = {isa = PBXBuildFile; fileRef = D75BCB231D1922F900FDF5F3 /* UIView+Common.m */; };
		D75BCB2B1D1922F900FDF5F3 /* UIView+Round.m in Sources */ = {isa = PBXBuildFile; fileRef = D75BCB251D1922F900FDF5F3 /* UIView+Round.m */; };
		D75BCB2F1D1928FF00FDF5F3 /* HLLCategoryHelper.m in Sources */ = {isa = PBXBuildFile; fileRef = D75BCB2E1D1928FF00FDF5F3 /* HLLCategoryHelper.m */; };
		D75BCB321D1933FC00FDF5F3 /* HLLCategoryCellContentView.m in Sources */ = {isa = PBXBuildFile; fileRef = D75BCB311D1933FC00FDF5F3 /* HLLCategoryCellContentView.m */; };
		D75BCB351D1949DE00FDF5F3 /* HLLKeyboardController.m in Sources */ = {isa = PBXBuildFile; fileRef = D75BCB341D1949DE00FDF5F3 /* HLLKeyboardController.m */; };
		D75BCB381D1989B000FDF5F3 /* HLLKeyboardSplitView.m in Sources */ = {isa = PBXBuildFile; fileRef = D75BCB371D1989B000FDF5F3 /* HLLKeyboardSplitView.m */; };
		D766A83A1D201271005D769C /* HLLNoteView.m in Sources */ = {isa = PBXBuildFile; fileRef = D766A8391D201271005D769C /* HLLNoteView.m */; };
		D766A83D1D2012A2005D769C /* HLLCommitView.m in Sources */ = {isa = PBXBuildFile; fileRef = D766A83C1D2012A2005D769C /* HLLCommitView.m */; };
		D766A8411D202387005D769C /* UIPlaceHolderTextView.m in Sources */ = {isa = PBXBuildFile; fileRef = D766A8401D202387005D769C /* UIPlaceHolderTextView.m */; };
/* End PBXBuildFile section */

/* Begin PBXContainerItemProxy section */
		D75BCAB91D13ED0900FDF5F3 /* PBXContainerItemProxy */ = {
			isa = PBXContainerItemProxy;
			containerPortal = D75BCA971D13ED0800FDF5F3 /* Project object */;
			proxyType = 1;
			remoteGlobalIDString = D75BCA9E1D13ED0800FDF5F3;
			remoteInfo = "Save+";
		};
/* End PBXContainerItemProxy section */

/* Begin PBXFileReference section */
		010F22C38795282ED054C65B /* libPods-Save+.a */ = {isa = PBXFileReference; explicitFileType = archive.ar; includeInIndex = 0; path = "libPods-Save+.a"; sourceTree = BUILT_PRODUCTS_DIR; };
		4564418ADCC49F43508F4033 /* Pods-Save+.debug.xcconfig */ = {isa = PBXFileReference; includeInIndex = 1; lastKnownFileType = text.xcconfig; name = "Pods-Save+.debug.xcconfig"; path = "Pods/Target Support Files/Pods-Save+/Pods-Save+.debug.xcconfig"; sourceTree = "<group>"; };
		68EF3EEAB3954E1D6127091E /* Pods-Save+.release.xcconfig */ = {isa = PBXFileReference; includeInIndex = 1; lastKnownFileType = text.xcconfig; name = "Pods-Save+.release.xcconfig"; path = "Pods/Target Support Files/Pods-Save+/Pods-Save+.release.xcconfig"; sourceTree = "<group>"; };
		D75BCA9F1D13ED0800FDF5F3 /* Save+.app */ = {isa = PBXFileReference; explicitFileType = wrapper.application; includeInIndex = 0; path = "Save+.app"; sourceTree = BUILT_PRODUCTS_DIR; };
		D75BCAA31D13ED0900FDF5F3 /* main.m */ = {isa = PBXFileReference; lastKnownFileType = sourcecode.c.objc; path = main.m; sourceTree = "<group>"; };
		D75BCAA51D13ED0900FDF5F3 /* AppDelegate.h */ = {isa = PBXFileReference; lastKnownFileType = sourcecode.c.h; path = AppDelegate.h; sourceTree = "<group>"; };
		D75BCAA61D13ED0900FDF5F3 /* AppDelegate.m */ = {isa = PBXFileReference; lastKnownFileType = sourcecode.c.objc; path = AppDelegate.m; sourceTree = "<group>"; };
		D75BCAAE1D13ED0900FDF5F3 /* Assets.xcassets */ = {isa = PBXFileReference; lastKnownFileType = folder.assetcatalog; path = Assets.xcassets; sourceTree = "<group>"; };
		D75BCAB31D13ED0900FDF5F3 /* Info.plist */ = {isa = PBXFileReference; lastKnownFileType = text.plist.xml; path = Info.plist; sourceTree = "<group>"; };
		D75BCAB81D13ED0900FDF5F3 /* Save+UITests.xctest */ = {isa = PBXFileReference; explicitFileType = wrapper.cfbundle; includeInIndex = 0; path = "Save+UITests.xctest"; sourceTree = BUILT_PRODUCTS_DIR; };
		D75BCABC1D13ED0900FDF5F3 /* Save_UITests.m */ = {isa = PBXFileReference; lastKnownFileType = sourcecode.c.objc; path = Save_UITests.m; sourceTree = "<group>"; };
		D75BCABE1D13ED0900FDF5F3 /* Info.plist */ = {isa = PBXFileReference; lastKnownFileType = text.plist.xml; path = Info.plist; sourceTree = "<group>"; };
		D75BCACF1D13EE4000FDF5F3 /* HLLInputView.h */ = {isa = PBXFileReference; fileEncoding = 4; lastKnownFileType = sourcecode.c.h; path = HLLInputView.h; sourceTree = "<group>"; };
		D75BCAD01D13EE4000FDF5F3 /* HLLInputView.m */ = {isa = PBXFileReference; fileEncoding = 4; lastKnownFileType = sourcecode.c.objc; path = HLLInputView.m; sourceTree = "<group>"; };
		D75BCAD11D13EE4000FDF5F3 /* HLLInputView.xib */ = {isa = PBXFileReference; fileEncoding = 4; lastKnownFileType = file.xib; path = HLLInputView.xib; sourceTree = "<group>"; };
		D75BCAD51D13EE9A00FDF5F3 /* PrefixHeader.pch */ = {isa = PBXFileReference; lastKnownFileType = sourcecode.c.h; path = PrefixHeader.pch; sourceTree = "<group>"; };
		D75BCAD71D13EED000FDF5F3 /* LaunchScreen.storyboard */ = {isa = PBXFileReference; fileEncoding = 4; lastKnownFileType = file.storyboard; path = LaunchScreen.storyboard; sourceTree = "<group>"; };
		D75BCAD81D13EED000FDF5F3 /* Main.storyboard */ = {isa = PBXFileReference; fileEncoding = 4; lastKnownFileType = file.storyboard; path = Main.storyboard; sourceTree = "<group>"; };
		D75BCADC1D13EF8900FDF5F3 /* Lato-Bold.ttf */ = {isa = PBXFileReference; lastKnownFileType = file; path = "Lato-Bold.ttf"; sourceTree = "<group>"; };
		D75BCADD1D13EF8900FDF5F3 /* Lato-Light.ttf */ = {isa = PBXFileReference; lastKnownFileType = file; path = "Lato-Light.ttf"; sourceTree = "<group>"; };
		D75BCADE1D13EF8900FDF5F3 /* Lato-Regular.ttf */ = {isa = PBXFileReference; lastKnownFileType = file; path = "Lato-Regular.ttf"; sourceTree = "<group>"; };
		D75BCADF1D13EF8900FDF5F3 /* Lato-Thin.ttf */ = {isa = PBXFileReference; lastKnownFileType = file; path = "Lato-Thin.ttf"; sourceTree = "<group>"; };
		D75BCAE01D13EF8900FDF5F3 /* Lato-ThinItalic.ttf */ = {isa = PBXFileReference; lastKnownFileType = file; path = "Lato-ThinItalic.ttf"; sourceTree = "<group>"; };
		D75BCAEE1D18D29700FDF5F3 /* ViewController.h */ = {isa = PBXFileReference; fileEncoding = 4; lastKnownFileType = sourcecode.c.h; path = ViewController.h; sourceTree = "<group>"; };
		D75BCAEF1D18D29700FDF5F3 /* ViewController.m */ = {isa = PBXFileReference; fileEncoding = 4; lastKnownFileType = sourcecode.c.objc; path = ViewController.m; sourceTree = "<group>"; };
		D75BCAF11D18D2FE00FDF5F3 /* HLLBill.h */ = {isa = PBXFileReference; fileEncoding = 4; lastKnownFileType = sourcecode.c.h; path = HLLBill.h; sourceTree = "<group>"; };
		D75BCAF21D18D2FE00FDF5F3 /* HLLBill.m */ = {isa = PBXFileReference; fileEncoding = 4; lastKnownFileType = sourcecode.c.objc; path = HLLBill.m; sourceTree = "<group>"; };
		D75BCAF41D18D31E00FDF5F3 /* HLLKeyboardView.h */ = {isa = PBXFileReference; fileEncoding = 4; lastKnownFileType = sourcecode.c.h; path = HLLKeyboardView.h; sourceTree = "<group>"; };
		D75BCAF51D18D31E00FDF5F3 /* HLLKeyboardView.m */ = {isa = PBXFileReference; fileEncoding = 4; lastKnownFileType = sourcecode.c.objc; path = HLLKeyboardView.m; sourceTree = "<group>"; };
		D75BCAF71D18D32700FDF5F3 /* HLLKeyboardView.xib */ = {isa = PBXFileReference; fileEncoding = 4; lastKnownFileType = file.xib; path = HLLKeyboardView.xib; sourceTree = "<group>"; };
		D75BCAFA1D18D57400FDF5F3 /* HLLCategoryView.h */ = {isa = PBXFileReference; fileEncoding = 4; lastKnownFileType = sourcecode.c.h; path = HLLCategoryView.h; sourceTree = "<group>"; };
		D75BCAFB1D18D57400FDF5F3 /* HLLCategoryView.m */ = {isa = PBXFileReference; fileEncoding = 4; lastKnownFileType = sourcecode.c.objc; path = HLLCategoryView.m; sourceTree = "<group>"; };
		D75BCAFD1D18D58200FDF5F3 /* HLLCategoryView.xib */ = {isa = PBXFileReference; fileEncoding = 4; lastKnownFileType = file.xib; path = HLLCategoryView.xib; sourceTree = "<group>"; };
		D75BCB041D18D88400FDF5F3 /* HLLCategoryCollectionViewCell.h */ = {isa = PBXFileReference; fileEncoding = 4; lastKnownFileType = sourcecode.c.h; path = HLLCategoryCollectionViewCell.h; sourceTree = "<group>"; };
		D75BCB051D18D88400FDF5F3 /* HLLCategoryCollectionViewCell.m */ = {isa = PBXFileReference; fileEncoding = 4; lastKnownFileType = sourcecode.c.objc; path = HLLCategoryCollectionViewCell.m; sourceTree = "<group>"; };
		D75BCB061D18D88400FDF5F3 /* HLLCategoryCollectionViewCell.xib */ = {isa = PBXFileReference; fileEncoding = 4; lastKnownFileType = file.xib; path = HLLCategoryCollectionViewCell.xib; sourceTree = "<group>"; };
		D75BCB091D18D8AA00FDF5F3 /* HLLCategoryCollectionView.h */ = {isa = PBXFileReference; fileEncoding = 4; lastKnownFileType = sourcecode.c.h; path = HLLCategoryCollectionView.h; sourceTree = "<group>"; };
		D75BCB0A1D18D8AA00FDF5F3 /* HLLCategoryCollectionView.m */ = {isa = PBXFileReference; fileEncoding = 4; lastKnownFileType = sourcecode.c.objc; path = HLLCategoryCollectionView.m; sourceTree = "<group>"; };
		D75BCB0C1D18EC2600FDF5F3 /* HLLCategory.h */ = {isa = PBXFileReference; fileEncoding = 4; lastKnownFileType = sourcecode.c.h; path = HLLCategory.h; sourceTree = "<group>"; };
		D75BCB0D1D18EC2600FDF5F3 /* HLLCategory.m */ = {isa = PBXFileReference; fileEncoding = 4; lastKnownFileType = sourcecode.c.objc; path = HLLCategory.m; sourceTree = "<group>"; };
		D75BCB111D190CC500FDF5F3 /* HLLNibCellProtocol.h */ = {isa = PBXFileReference; fileEncoding = 4; lastKnownFileType = sourcecode.c.h; path = HLLNibCellProtocol.h; sourceTree = "<group>"; };
		D75BCB121D190CC500FDF5F3 /* HLLNibProtocol.h */ = {isa = PBXFileReference; fileEncoding = 4; lastKnownFileType = sourcecode.c.h; path = HLLNibProtocol.h; sourceTree = "<group>"; };
		D75BCB131D19214600FDF5F3 /* HLLKeyBoardInputButton.h */ = {isa = PBXFileReference; fileEncoding = 4; lastKnownFileType = sourcecode.c.h; path = HLLKeyBoardInputButton.h; sourceTree = "<group>"; };
		D75BCB141D19214600FDF5F3 /* HLLKeyBoardInputButton.m */ = {isa = PBXFileReference; fileEncoding = 4; lastKnownFileType = sourcecode.c.objc; path = HLLKeyBoardInputButton.m; sourceTree = "<group>"; };
		D75BCB1A1D1922F900FDF5F3 /* UIButton+ImageWithColor.h */ = {isa = PBXFileReference; fileEncoding = 4; lastKnownFileType = sourcecode.c.h; path = "UIButton+ImageWithColor.h"; sourceTree = "<group>"; };
		D75BCB1B1D1922F900FDF5F3 /* UIButton+ImageWithColor.m */ = {isa = PBXFileReference; fileEncoding = 4; lastKnownFileType = sourcecode.c.objc; path = "UIButton+ImageWithColor.m"; sourceTree = "<group>"; };
		D75BCB1C1D1922F900FDF5F3 /* UIColor+Common.h */ = {isa = PBXFileReference; fileEncoding = 4; lastKnownFileType = sourcecode.c.h; path = "UIColor+Common.h"; sourceTree = "<group>"; };
		D75BCB1D1D1922F900FDF5F3 /* UIColor+Common.m */ = {isa = PBXFileReference; fileEncoding = 4; lastKnownFileType = sourcecode.c.objc; path = "UIColor+Common.m"; sourceTree = "<group>"; };
		D75BCB1E1D1922F900FDF5F3 /* UIImage+Common.h */ = {isa = PBXFileReference; fileEncoding = 4; lastKnownFileType = sourcecode.c.h; path = "UIImage+Common.h"; sourceTree = "<group>"; };
		D75BCB1F1D1922F900FDF5F3 /* UIImage+Common.m */ = {isa = PBXFileReference; fileEncoding = 4; lastKnownFileType = sourcecode.c.objc; path = "UIImage+Common.m"; sourceTree = "<group>"; };
		D75BCB201D1922F900FDF5F3 /* UIImage+Tint.h */ = {isa = PBXFileReference; fileEncoding = 4; lastKnownFileType = sourcecode.c.h; path = "UIImage+Tint.h"; sourceTree = "<group>"; };
		D75BCB211D1922F900FDF5F3 /* UIImage+Tint.m */ = {isa = PBXFileReference; fileEncoding = 4; lastKnownFileType = sourcecode.c.objc; path = "UIImage+Tint.m"; sourceTree = "<group>"; };
		D75BCB221D1922F900FDF5F3 /* UIView+Common.h */ = {isa = PBXFileReference; fileEncoding = 4; lastKnownFileType = sourcecode.c.h; path = "UIView+Common.h"; sourceTree = "<group>"; };
		D75BCB231D1922F900FDF5F3 /* UIView+Common.m */ = {isa = PBXFileReference; fileEncoding = 4; lastKnownFileType = sourcecode.c.objc; path = "UIView+Common.m"; sourceTree = "<group>"; };
		D75BCB241D1922F900FDF5F3 /* UIView+Round.h */ = {isa = PBXFileReference; fileEncoding = 4; lastKnownFileType = sourcecode.c.h; path = "UIView+Round.h"; sourceTree = "<group>"; };
		D75BCB251D1922F900FDF5F3 /* UIView+Round.m */ = {isa = PBXFileReference; fileEncoding = 4; lastKnownFileType = sourcecode.c.objc; path = "UIView+Round.m"; sourceTree = "<group>"; };
		D75BCB2C1D19233300FDF5F3 /* DefaineManager.h */ = {isa = PBXFileReference; lastKnownFileType = sourcecode.c.h; path = DefaineManager.h; sourceTree = "<group>"; };
		D75BCB2D1D1928FF00FDF5F3 /* HLLCategoryHelper.h */ = {isa = PBXFileReference; fileEncoding = 4; lastKnownFileType = sourcecode.c.h; path = HLLCategoryHelper.h; sourceTree = "<group>"; };
		D75BCB2E1D1928FF00FDF5F3 /* HLLCategoryHelper.m */ = {isa = PBXFileReference; fileEncoding = 4; lastKnownFileType = sourcecode.c.objc; path = HLLCategoryHelper.m; sourceTree = "<group>"; };
		D75BCB301D1933FC00FDF5F3 /* HLLCategoryCellContentView.h */ = {isa = PBXFileReference; fileEncoding = 4; lastKnownFileType = sourcecode.c.h; path = HLLCategoryCellContentView.h; sourceTree = "<group>"; };
		D75BCB311D1933FC00FDF5F3 /* HLLCategoryCellContentView.m */ = {isa = PBXFileReference; fileEncoding = 4; lastKnownFileType = sourcecode.c.objc; path = HLLCategoryCellContentView.m; sourceTree = "<group>"; };
		D75BCB331D1949DE00FDF5F3 /* HLLKeyboardController.h */ = {isa = PBXFileReference; fileEncoding = 4; lastKnownFileType = sourcecode.c.h; path = HLLKeyboardController.h; sourceTree = "<group>"; };
		D75BCB341D1949DE00FDF5F3 /* HLLKeyboardController.m */ = {isa = PBXFileReference; fileEncoding = 4; lastKnownFileType = sourcecode.c.objc; path = HLLKeyboardController.m; sourceTree = "<group>"; };
		D75BCB361D1989B000FDF5F3 /* HLLKeyboardSplitView.h */ = {isa = PBXFileReference; fileEncoding = 4; lastKnownFileType = sourcecode.c.h; path = HLLKeyboardSplitView.h; sourceTree = "<group>"; };
		D75BCB371D1989B000FDF5F3 /* HLLKeyboardSplitView.m */ = {isa = PBXFileReference; fileEncoding = 4; lastKnownFileType = sourcecode.c.objc; path = HLLKeyboardSplitView.m; sourceTree = "<group>"; };
		D75BCB391D19A48500FDF5F3 /* HLLAnimationProtocol.h */ = {isa = PBXFileReference; fileEncoding = 4; lastKnownFileType = sourcecode.c.h; path = HLLAnimationProtocol.h; sourceTree = "<group>"; };
		D766A8381D201271005D769C /* HLLNoteView.h */ = {isa = PBXFileReference; fileEncoding = 4; lastKnownFileType = sourcecode.c.h; path = HLLNoteView.h; sourceTree = "<group>"; };
		D766A8391D201271005D769C /* HLLNoteView.m */ = {isa = PBXFileReference; fileEncoding = 4; lastKnownFileType = sourcecode.c.objc; path = HLLNoteView.m; sourceTree = "<group>"; };
		D766A83B1D2012A2005D769C /* HLLCommitView.h */ = {isa = PBXFileReference; fileEncoding = 4; lastKnownFileType = sourcecode.c.h; path = HLLCommitView.h; sourceTree = "<group>"; };
		D766A83C1D2012A2005D769C /* HLLCommitView.m */ = {isa = PBXFileReference; fileEncoding = 4; lastKnownFileType = sourcecode.c.objc; path = HLLCommitView.m; sourceTree = "<group>"; };
		D766A83F1D202387005D769C /* UIPlaceHolderTextView.h */ = {isa = PBXFileReference; fileEncoding = 4; lastKnownFileType = sourcecode.c.h; path = UIPlaceHolderTextView.h; sourceTree = "<group>"; };
		D766A8401D202387005D769C /* UIPlaceHolderTextView.m */ = {isa = PBXFileReference; fileEncoding = 4; lastKnownFileType = sourcecode.c.objc; path = UIPlaceHolderTextView.m; sourceTree = "<group>"; };
		D766A8421D2025A1005D769C /* DefaineAnimation.h */ = {isa = PBXFileReference; lastKnownFileType = sourcecode.c.h; path = DefaineAnimation.h; sourceTree = "<group>"; };
/* End PBXFileReference section */

/* Begin PBXFrameworksBuildPhase section */
		D75BCA9C1D13ED0800FDF5F3 /* Frameworks */ = {
			isa = PBXFrameworksBuildPhase;
			buildActionMask = 2147483647;
			files = (
				189E788E62DD12FA304C3591 /* libPods-Save+.a in Frameworks */,
			);
			runOnlyForDeploymentPostprocessing = 0;
		};
		D75BCAB51D13ED0900FDF5F3 /* Frameworks */ = {
			isa = PBXFrameworksBuildPhase;
			buildActionMask = 2147483647;
			files = (
			);
			runOnlyForDeploymentPostprocessing = 0;
		};
/* End PBXFrameworksBuildPhase section */

/* Begin PBXGroup section */
		0450ADBBC1C89E3A0D30E8E1 /* Pods */ = {
			isa = PBXGroup;
			children = (
				4564418ADCC49F43508F4033 /* Pods-Save+.debug.xcconfig */,
				68EF3EEAB3954E1D6127091E /* Pods-Save+.release.xcconfig */,
			);
			name = Pods;
			sourceTree = "<group>";
		};
		D75BCA961D13ED0800FDF5F3 = {
			isa = PBXGroup;
			children = (
				D75BCAA11D13ED0900FDF5F3 /* Save+ */,
				D75BCABB1D13ED0900FDF5F3 /* Save+UITests */,
				D75BCAA01D13ED0900FDF5F3 /* Products */,
				0450ADBBC1C89E3A0D30E8E1 /* Pods */,
				F581B8B936A840EE44657540 /* Frameworks */,
			);
			sourceTree = "<group>";
		};
		D75BCAA01D13ED0900FDF5F3 /* Products */ = {
			isa = PBXGroup;
			children = (
				D75BCA9F1D13ED0800FDF5F3 /* Save+.app */,
				D75BCAB81D13ED0900FDF5F3 /* Save+UITests.xctest */,
			);
			name = Products;
			sourceTree = "<group>";
		};
		D75BCAA11D13ED0900FDF5F3 /* Save+ */ = {
			isa = PBXGroup;
			children = (
				D75BCAA51D13ED0900FDF5F3 /* AppDelegate.h */,
				D75BCAA61D13ED0900FDF5F3 /* AppDelegate.m */,
				D75BCAD61D13EED000FDF5F3 /* Storyboard */,
				D75BCAED1D18D29700FDF5F3 /* Controller */,
				D75BCACE1D13EE4000FDF5F3 /* View */,
				D75BCAEC1D18D28100FDF5F3 /* Model */,
				D75BCB171D19226A00FDF5F3 /* Utilities */,
				D75BCB161D19226A00FDF5F3 /* Third-Party */,
				D75BCAD41D13EE6500FDF5F3 /* Resource */,
				D75BCAC81D13ED8900FDF5F3 /* File */,
				D75BCAA21D13ED0900FDF5F3 /* Supporting Files */,
			);
			path = "Save+";
			sourceTree = "<group>";
		};
		D75BCAA21D13ED0900FDF5F3 /* Supporting Files */ = {
			isa = PBXGroup;
			children = (
				D75BCAA31D13ED0900FDF5F3 /* main.m */,
			);
			name = "Supporting Files";
			sourceTree = "<group>";
		};
		D75BCABB1D13ED0900FDF5F3 /* Save+UITests */ = {
			isa = PBXGroup;
			children = (
				D75BCABC1D13ED0900FDF5F3 /* Save_UITests.m */,
				D75BCABE1D13ED0900FDF5F3 /* Info.plist */,
			);
			path = "Save+UITests";
			sourceTree = "<group>";
		};
		D75BCAC81D13ED8900FDF5F3 /* File */ = {
			isa = PBXGroup;
			children = (
				D75BCAAE1D13ED0900FDF5F3 /* Assets.xcassets */,
				D75BCAD51D13EE9A00FDF5F3 /* PrefixHeader.pch */,
				D75BCAB31D13ED0900FDF5F3 /* Info.plist */,
			);
			name = File;
			sourceTree = "<group>";
		};
		D75BCACE1D13EE4000FDF5F3 /* View */ = {
			isa = PBXGroup;
			children = (
				D75BCACF1D13EE4000FDF5F3 /* HLLInputView.h */,
				D75BCAD01D13EE4000FDF5F3 /* HLLInputView.m */,
				D75BCAD11D13EE4000FDF5F3 /* HLLInputView.xib */,
				D75BCAFA1D18D57400FDF5F3 /* HLLCategoryView.h */,
				D75BCAFB1D18D57400FDF5F3 /* HLLCategoryView.m */,
				D75BCAFD1D18D58200FDF5F3 /* HLLCategoryView.xib */,
				D75BCB091D18D8AA00FDF5F3 /* HLLCategoryCollectionView.h */,
				D75BCB0A1D18D8AA00FDF5F3 /* HLLCategoryCollectionView.m */,
				D75BCB041D18D88400FDF5F3 /* HLLCategoryCollectionViewCell.h */,
				D75BCB051D18D88400FDF5F3 /* HLLCategoryCollectionViewCell.m */,
				D75BCB061D18D88400FDF5F3 /* HLLCategoryCollectionViewCell.xib */,
				D75BCB301D1933FC00FDF5F3 /* HLLCategoryCellContentView.h */,
				D75BCB311D1933FC00FDF5F3 /* HLLCategoryCellContentView.m */,
				D75BCAF41D18D31E00FDF5F3 /* HLLKeyboardView.h */,
				D75BCAF51D18D31E00FDF5F3 /* HLLKeyboardView.m */,
				D75BCAF71D18D32700FDF5F3 /* HLLKeyboardView.xib */,
				D75BCB131D19214600FDF5F3 /* HLLKeyBoardInputButton.h */,
				D75BCB141D19214600FDF5F3 /* HLLKeyBoardInputButton.m */,
				D75BCB361D1989B000FDF5F3 /* HLLKeyboardSplitView.h */,
				D75BCB371D1989B000FDF5F3 /* HLLKeyboardSplitView.m */,
				D766A8381D201271005D769C /* HLLNoteView.h */,
				D766A8391D201271005D769C /* HLLNoteView.m */,
				D766A83B1D2012A2005D769C /* HLLCommitView.h */,
				D766A83C1D2012A2005D769C /* HLLCommitView.m */,
			);
			path = View;
			sourceTree = "<group>";
		};
		D75BCAD41D13EE6500FDF5F3 /* Resource */ = {
			isa = PBXGroup;
			children = (
				D75BCAE61D13EF9300FDF5F3 /* Image */,
				D75BCADB1D13EF8900FDF5F3 /* Fonts */,
			);
			path = Resource;
			sourceTree = "<group>";
		};
		D75BCAD61D13EED000FDF5F3 /* Storyboard */ = {
			isa = PBXGroup;
			children = (
				D75BCAD81D13EED000FDF5F3 /* Main.storyboard */,
				D75BCAD71D13EED000FDF5F3 /* LaunchScreen.storyboard */,
			);
			path = Storyboard;
			sourceTree = "<group>";
		};
		D75BCADB1D13EF8900FDF5F3 /* Fonts */ = {
			isa = PBXGroup;
			children = (
				D75BCADC1D13EF8900FDF5F3 /* Lato-Bold.ttf */,
				D75BCADD1D13EF8900FDF5F3 /* Lato-Light.ttf */,
				D75BCADE1D13EF8900FDF5F3 /* Lato-Regular.ttf */,
				D75BCADF1D13EF8900FDF5F3 /* Lato-Thin.ttf */,
				D75BCAE01D13EF8900FDF5F3 /* Lato-ThinItalic.ttf */,
			);
			path = Fonts;
			sourceTree = "<group>";
		};
		D75BCAE61D13EF9300FDF5F3 /* Image */ = {
			isa = PBXGroup;
			children = (
			);
			path = Image;
			sourceTree = "<group>";
		};
		D75BCAEC1D18D28100FDF5F3 /* Model */ = {
			isa = PBXGroup;
			children = (
				D75BCAF11D18D2FE00FDF5F3 /* HLLBill.h */,
				D75BCAF21D18D2FE00FDF5F3 /* HLLBill.m */,
				D75BCB0C1D18EC2600FDF5F3 /* HLLCategory.h */,
				D75BCB0D1D18EC2600FDF5F3 /* HLLCategory.m */,
				D75BCB2D1D1928FF00FDF5F3 /* HLLCategoryHelper.h */,
				D75BCB2E1D1928FF00FDF5F3 /* HLLCategoryHelper.m */,
				D75BCB101D190CC500FDF5F3 /* Protocol */,
			);
			path = Model;
			sourceTree = "<group>";
		};
		D75BCAED1D18D29700FDF5F3 /* Controller */ = {
			isa = PBXGroup;
			children = (
				D75BCAEE1D18D29700FDF5F3 /* ViewController.h */,
				D75BCAEF1D18D29700FDF5F3 /* ViewController.m */,
				D75BCB331D1949DE00FDF5F3 /* HLLKeyboardController.h */,
				D75BCB341D1949DE00FDF5F3 /* HLLKeyboardController.m */,
			);
			path = Controller;
			sourceTree = "<group>";
		};
		D75BCB101D190CC500FDF5F3 /* Protocol */ = {
			isa = PBXGroup;
			children = (
				D75BCB111D190CC500FDF5F3 /* HLLNibCellProtocol.h */,
				D75BCB121D190CC500FDF5F3 /* HLLNibProtocol.h */,
				D75BCB391D19A48500FDF5F3 /* HLLAnimationProtocol.h */,
			);
			path = Protocol;
			sourceTree = "<group>";
		};
		D75BCB161D19226A00FDF5F3 /* Third-Party */ = {
			isa = PBXGroup;
			children = (
				D766A83E1D202387005D769C /* PlaceHolderTextView */,
			);
			path = "Third-Party";
			sourceTree = "<group>";
		};
		D75BCB171D19226A00FDF5F3 /* Utilities */ = {
			isa = PBXGroup;
			children = (
				D75BCB181D19226A00FDF5F3 /* Category */,
				D75BCB191D19226A00FDF5F3 /* Define */,
			);
			path = Utilities;
			sourceTree = "<group>";
		};
		D75BCB181D19226A00FDF5F3 /* Category */ = {
			isa = PBXGroup;
			children = (
				D75BCB1A1D1922F900FDF5F3 /* UIButton+ImageWithColor.h */,
				D75BCB1B1D1922F900FDF5F3 /* UIButton+ImageWithColor.m */,
				D75BCB1C1D1922F900FDF5F3 /* UIColor+Common.h */,
				D75BCB1D1D1922F900FDF5F3 /* UIColor+Common.m */,
				D75BCB1E1D1922F900FDF5F3 /* UIImage+Common.h */,
				D75BCB1F1D1922F900FDF5F3 /* UIImage+Common.m */,
				D75BCB201D1922F900FDF5F3 /* UIImage+Tint.h */,
				D75BCB211D1922F900FDF5F3 /* UIImage+Tint.m */,
				D75BCB221D1922F900FDF5F3 /* UIView+Common.h */,
				D75BCB231D1922F900FDF5F3 /* UIView+Common.m */,
				D75BCB241D1922F900FDF5F3 /* UIView+Round.h */,
				D75BCB251D1922F900FDF5F3 /* UIView+Round.m */,
			);
			path = Category;
			sourceTree = "<group>";
		};
		D75BCB191D19226A00FDF5F3 /* Define */ = {
			isa = PBXGroup;
			children = (
				D75BCB2C1D19233300FDF5F3 /* DefaineManager.h */,
				D766A8421D2025A1005D769C /* DefaineAnimation.h */,
			);
			path = Define;
			sourceTree = "<group>";
		};
		D766A83E1D202387005D769C /* PlaceHolderTextView */ = {
			isa = PBXGroup;
			children = (
				D766A83F1D202387005D769C /* UIPlaceHolderTextView.h */,
				D766A8401D202387005D769C /* UIPlaceHolderTextView.m */,
			);
			path = PlaceHolderTextView;
			sourceTree = "<group>";
		};
		F581B8B936A840EE44657540 /* Frameworks */ = {
			isa = PBXGroup;
			children = (
				010F22C38795282ED054C65B /* libPods-Save+.a */,
			);
			name = Frameworks;
			sourceTree = "<group>";
		};
/* End PBXGroup section */

/* Begin PBXNativeTarget section */
		D75BCA9E1D13ED0800FDF5F3 /* Save+ */ = {
			isa = PBXNativeTarget;
			buildConfigurationList = D75BCAC11D13ED0900FDF5F3 /* Build configuration list for PBXNativeTarget "Save+" */;
			buildPhases = (
				7CFC0073297557124AD7183A /* Check Pods Manifest.lock */,
				D75BCA9B1D13ED0800FDF5F3 /* Sources */,
				D75BCA9C1D13ED0800FDF5F3 /* Frameworks */,
				D75BCA9D1D13ED0800FDF5F3 /* Resources */,
				0E19851207A30BD7AE040BFE /* Embed Pods Frameworks */,
				B8C5957FA94D5B7CD0BEF710 /* Copy Pods Resources */,
			);
			buildRules = (
			);
			dependencies = (
			);
			name = "Save+";
			productName = "Save+";
			productReference = D75BCA9F1D13ED0800FDF5F3 /* Save+.app */;
			productType = "com.apple.product-type.application";
		};
		D75BCAB71D13ED0900FDF5F3 /* Save+UITests */ = {
			isa = PBXNativeTarget;
			buildConfigurationList = D75BCAC41D13ED0900FDF5F3 /* Build configuration list for PBXNativeTarget "Save+UITests" */;
			buildPhases = (
				D75BCAB41D13ED0900FDF5F3 /* Sources */,
				D75BCAB51D13ED0900FDF5F3 /* Frameworks */,
				D75BCAB61D13ED0900FDF5F3 /* Resources */,
			);
			buildRules = (
			);
			dependencies = (
				D75BCABA1D13ED0900FDF5F3 /* PBXTargetDependency */,
			);
			name = "Save+UITests";
			productName = "Save+UITests";
			productReference = D75BCAB81D13ED0900FDF5F3 /* Save+UITests.xctest */;
			productType = "com.apple.product-type.bundle.ui-testing";
		};
/* End PBXNativeTarget section */

/* Begin PBXProject section */
		D75BCA971D13ED0800FDF5F3 /* Project object */ = {
			isa = PBXProject;
			attributes = {
				LastUpgradeCheck = 0730;
				ORGANIZATIONNAME = "Rocky Young";
				TargetAttributes = {
					D75BCA9E1D13ED0800FDF5F3 = {
						CreatedOnToolsVersion = 7.3;
					};
					D75BCAB71D13ED0900FDF5F3 = {
						CreatedOnToolsVersion = 7.3;
						TestTargetID = D75BCA9E1D13ED0800FDF5F3;
					};
				};
			};
			buildConfigurationList = D75BCA9A1D13ED0800FDF5F3 /* Build configuration list for PBXProject "Save+" */;
			compatibilityVersion = "Xcode 3.2";
			developmentRegion = English;
			hasScannedForEncodings = 0;
			knownRegions = (
				en,
				Base,
			);
			mainGroup = D75BCA961D13ED0800FDF5F3;
			productRefGroup = D75BCAA01D13ED0900FDF5F3 /* Products */;
			projectDirPath = "";
			projectRoot = "";
			targets = (
				D75BCA9E1D13ED0800FDF5F3 /* Save+ */,
				D75BCAB71D13ED0900FDF5F3 /* Save+UITests */,
			);
		};
/* End PBXProject section */

/* Begin PBXResourcesBuildPhase section */
		D75BCA9D1D13ED0800FDF5F3 /* Resources */ = {
			isa = PBXResourcesBuildPhase;
			buildActionMask = 2147483647;
			files = (
				D75BCAD91D13EED000FDF5F3 /* LaunchScreen.storyboard in Resources */,
				D75BCB081D18D88400FDF5F3 /* HLLCategoryCollectionViewCell.xib in Resources */,
				D75BCAFE1D18D58200FDF5F3 /* HLLCategoryView.xib in Resources */,
				D75BCAE51D13EF8900FDF5F3 /* Lato-ThinItalic.ttf in Resources */,
				D75BCAE41D13EF8900FDF5F3 /* Lato-Thin.ttf in Resources */,
				D75BCAE11D13EF8900FDF5F3 /* Lato-Bold.ttf in Resources */,
				D75BCAD31D13EE4000FDF5F3 /* HLLInputView.xib in Resources */,
				D75BCAE21D13EF8900FDF5F3 /* Lato-Light.ttf in Resources */,
				D75BCAE31D13EF8900FDF5F3 /* Lato-Regular.ttf in Resources */,
				D75BCAAF1D13ED0900FDF5F3 /* Assets.xcassets in Resources */,
				D75BCAF81D18D32700FDF5F3 /* HLLKeyboardView.xib in Resources */,
				D75BCADA1D13EED000FDF5F3 /* Main.storyboard in Resources */,
			);
			runOnlyForDeploymentPostprocessing = 0;
		};
		D75BCAB61D13ED0900FDF5F3 /* Resources */ = {
			isa = PBXResourcesBuildPhase;
			buildActionMask = 2147483647;
			files = (
			);
			runOnlyForDeploymentPostprocessing = 0;
		};
/* End PBXResourcesBuildPhase section */

/* Begin PBXShellScriptBuildPhase section */
		0E19851207A30BD7AE040BFE /* Embed Pods Frameworks */ = {
			isa = PBXShellScriptBuildPhase;
			buildActionMask = 2147483647;
			files = (
			);
			inputPaths = (
			);
			name = "Embed Pods Frameworks";
			outputPaths = (
			);
			runOnlyForDeploymentPostprocessing = 0;
			shellPath = /bin/sh;
			shellScript = "\"${SRCROOT}/Pods/Target Support Files/Pods-Save+/Pods-Save+-frameworks.sh\"\n";
			showEnvVarsInLog = 0;
		};
		7CFC0073297557124AD7183A /* Check Pods Manifest.lock */ = {
			isa = PBXShellScriptBuildPhase;
			buildActionMask = 2147483647;
			files = (
			);
			inputPaths = (
			);
			name = "Check Pods Manifest.lock";
			outputPaths = (
			);
			runOnlyForDeploymentPostprocessing = 0;
			shellPath = /bin/sh;
			shellScript = "diff \"${PODS_ROOT}/../Podfile.lock\" \"${PODS_ROOT}/Manifest.lock\" > /dev/null\nif [[ $? != 0 ]] ; then\n    cat << EOM\nerror: The sandbox is not in sync with the Podfile.lock. Run 'pod install' or update your CocoaPods installation.\nEOM\n    exit 1\nfi\n";
			showEnvVarsInLog = 0;
		};
		B8C5957FA94D5B7CD0BEF710 /* Copy Pods Resources */ = {
			isa = PBXShellScriptBuildPhase;
			buildActionMask = 2147483647;
			files = (
			);
			inputPaths = (
			);
			name = "Copy Pods Resources";
			outputPaths = (
			);
			runOnlyForDeploymentPostprocessing = 0;
			shellPath = /bin/sh;
			shellScript = "\"${SRCROOT}/Pods/Target Support Files/Pods-Save+/Pods-Save+-resources.sh\"\n";
			showEnvVarsInLog = 0;
		};
/* End PBXShellScriptBuildPhase section */

/* Begin PBXSourcesBuildPhase section */
		D75BCA9B1D13ED0800FDF5F3 /* Sources */ = {
			isa = PBXSourcesBuildPhase;
			buildActionMask = 2147483647;
			files = (
				D75BCB271D1922F900FDF5F3 /* UIColor+Common.m in Sources */,
				D75BCB151D19214600FDF5F3 /* HLLKeyBoardInputButton.m in Sources */,
				D75BCAE71D13F04D00FDF5F3 /* Lato-Bold.ttf in Sources */,
				D75BCB321D1933FC00FDF5F3 /* HLLCategoryCellContentView.m in Sources */,
				D75BCAF31D18D2FE00FDF5F3 /* HLLBill.m in Sources */,
				D75BCB0E1D18EC2600FDF5F3 /* HLLCategory.m in Sources */,
				D75BCB2B1D1922F900FDF5F3 /* UIView+Round.m in Sources */,
				D75BCAE81D13F04D00FDF5F3 /* Lato-Light.ttf in Sources */,
				D75BCAE91D13F04D00FDF5F3 /* Lato-Regular.ttf in Sources */,
				D75BCB2A1D1922F900FDF5F3 /* UIView+Common.m in Sources */,
				D75BCB281D1922F900FDF5F3 /* UIImage+Common.m in Sources */,
				D75BCAEA1D13F04D00FDF5F3 /* Lato-Thin.ttf in Sources */,
				D75BCB2F1D1928FF00FDF5F3 /* HLLCategoryHelper.m in Sources */,
				D75BCAFC1D18D57400FDF5F3 /* HLLCategoryView.m in Sources */,
				D75BCAF61D18D31E00FDF5F3 /* HLLKeyboardView.m in Sources */,
				D75BCB0B1D18D8AA00FDF5F3 /* HLLCategoryCollectionView.m in Sources */,
				D75BCB351D1949DE00FDF5F3 /* HLLKeyboardController.m in Sources */,
				D75BCB381D1989B000FDF5F3 /* HLLKeyboardSplitView.m in Sources */,
				D766A83D1D2012A2005D769C /* HLLCommitView.m in Sources */,
				D766A8411D202387005D769C /* UIPlaceHolderTextView.m in Sources */,
				D75BCB291D1922F900FDF5F3 /* UIImage+Tint.m in Sources */,
				D75BCAF01D18D29700FDF5F3 /* ViewController.m in Sources */,
				D75BCAEB1D13F04D00FDF5F3 /* Lato-ThinItalic.ttf in Sources */,
				D75BCAD21D13EE4000FDF5F3 /* HLLInputView.m in Sources */,
				D75BCAA71D13ED0900FDF5F3 /* AppDelegate.m in Sources */,
				D75BCB071D18D88400FDF5F3 /* HLLCategoryCollectionViewCell.m in Sources */,
				D75BCB261D1922F900FDF5F3 /* UIButton+ImageWithColor.m in Sources */,
				D766A83A1D201271005D769C /* HLLNoteView.m in Sources */,
				D75BCAA41D13ED0900FDF5F3 /* main.m in Sources */,
			);
			runOnlyForDeploymentPostprocessing = 0;
		};
		D75BCAB41D13ED0900FDF5F3 /* Sources */ = {
			isa = PBXSourcesBuildPhase;
			buildActionMask = 2147483647;
			files = (
				D75BCABD1D13ED0900FDF5F3 /* Save_UITests.m in Sources */,
			);
			runOnlyForDeploymentPostprocessing = 0;
		};
/* End PBXSourcesBuildPhase section */

/* Begin PBXTargetDependency section */
		D75BCABA1D13ED0900FDF5F3 /* PBXTargetDependency */ = {
			isa = PBXTargetDependency;
			target = D75BCA9E1D13ED0800FDF5F3 /* Save+ */;
			targetProxy = D75BCAB91D13ED0900FDF5F3 /* PBXContainerItemProxy */;
		};
/* End PBXTargetDependency section */

/* Begin XCBuildConfiguration section */
		D75BCABF1D13ED0900FDF5F3 /* Debug */ = {
			isa = XCBuildConfiguration;
			buildSettings = {
				ALWAYS_SEARCH_USER_PATHS = NO;
				CLANG_ANALYZER_NONNULL = YES;
				CLANG_CXX_LANGUAGE_STANDARD = "gnu++0x";
				CLANG_CXX_LIBRARY = "libc++";
				CLANG_ENABLE_MODULES = YES;
				CLANG_ENABLE_OBJC_ARC = YES;
				CLANG_WARN_BOOL_CONVERSION = YES;
				CLANG_WARN_CONSTANT_CONVERSION = YES;
				CLANG_WARN_DIRECT_OBJC_ISA_USAGE = YES_ERROR;
				CLANG_WARN_EMPTY_BODY = YES;
				CLANG_WARN_ENUM_CONVERSION = YES;
				CLANG_WARN_INT_CONVERSION = YES;
				CLANG_WARN_OBJC_ROOT_CLASS = YES_ERROR;
				CLANG_WARN_UNREACHABLE_CODE = YES;
				CLANG_WARN__DUPLICATE_METHOD_MATCH = YES;
				"CODE_SIGN_IDENTITY[sdk=iphoneos*]" = "iPhone Developer";
				COPY_PHASE_STRIP = NO;
				DEBUG_INFORMATION_FORMAT = dwarf;
				ENABLE_STRICT_OBJC_MSGSEND = YES;
				ENABLE_TESTABILITY = YES;
				GCC_C_LANGUAGE_STANDARD = gnu99;
				GCC_DYNAMIC_NO_PIC = NO;
				GCC_INCREASE_PRECOMPILED_HEADER_SHARING = YES;
				GCC_NO_COMMON_BLOCKS = YES;
				GCC_OPTIMIZATION_LEVEL = 0;
				GCC_PRECOMPILE_PREFIX_HEADER = YES;
				GCC_PREFIX_HEADER = "Save+/PrefixHeader.pch";
				GCC_PREPROCESSOR_DEFINITIONS = (
					"DEBUG=1",
					"$(inherited)",
				);
				GCC_WARN_64_TO_32_BIT_CONVERSION = YES;
				GCC_WARN_ABOUT_RETURN_TYPE = YES_ERROR;
				GCC_WARN_UNDECLARED_SELECTOR = YES;
				GCC_WARN_UNINITIALIZED_AUTOS = YES_AGGRESSIVE;
				GCC_WARN_UNUSED_FUNCTION = YES;
				GCC_WARN_UNUSED_VARIABLE = YES;
				IPHONEOS_DEPLOYMENT_TARGET = 9.3;
				MTL_ENABLE_DEBUG_INFO = YES;
				ONLY_ACTIVE_ARCH = YES;
				SDKROOT = iphoneos;
				TARGETED_DEVICE_FAMILY = "1,2";
			};
			name = Debug;
		};
		D75BCAC01D13ED0900FDF5F3 /* Release */ = {
			isa = XCBuildConfiguration;
			buildSettings = {
				ALWAYS_SEARCH_USER_PATHS = NO;
				CLANG_ANALYZER_NONNULL = YES;
				CLANG_CXX_LANGUAGE_STANDARD = "gnu++0x";
				CLANG_CXX_LIBRARY = "libc++";
				CLANG_ENABLE_MODULES = YES;
				CLANG_ENABLE_OBJC_ARC = YES;
				CLANG_WARN_BOOL_CONVERSION = YES;
				CLANG_WARN_CONSTANT_CONVERSION = YES;
				CLANG_WARN_DIRECT_OBJC_ISA_USAGE = YES_ERROR;
				CLANG_WARN_EMPTY_BODY = YES;
				CLANG_WARN_ENUM_CONVERSION = YES;
				CLANG_WARN_INT_CONVERSION = YES;
				CLANG_WARN_OBJC_ROOT_CLASS = YES_ERROR;
				CLANG_WARN_UNREACHABLE_CODE = YES;
				CLANG_WARN__DUPLICATE_METHOD_MATCH = YES;
				"CODE_SIGN_IDENTITY[sdk=iphoneos*]" = "iPhone Developer";
				COPY_PHASE_STRIP = NO;
				DEBUG_INFORMATION_FORMAT = "dwarf-with-dsym";
				ENABLE_NS_ASSERTIONS = NO;
				ENABLE_STRICT_OBJC_MSGSEND = YES;
				GCC_C_LANGUAGE_STANDARD = gnu99;
				GCC_INCREASE_PRECOMPILED_HEADER_SHARING = YES;
				GCC_NO_COMMON_BLOCKS = YES;
				GCC_PRECOMPILE_PREFIX_HEADER = YES;
				GCC_PREFIX_HEADER = "Save+/PrefixHeader.pch";
				GCC_WARN_64_TO_32_BIT_CONVERSION = YES;
				GCC_WARN_ABOUT_RETURN_TYPE = YES_ERROR;
				GCC_WARN_UNDECLARED_SELECTOR = YES;
				GCC_WARN_UNINITIALIZED_AUTOS = YES_AGGRESSIVE;
				GCC_WARN_UNUSED_FUNCTION = YES;
				GCC_WARN_UNUSED_VARIABLE = YES;
				IPHONEOS_DEPLOYMENT_TARGET = 9.3;
				MTL_ENABLE_DEBUG_INFO = NO;
				SDKROOT = iphoneos;
				TARGETED_DEVICE_FAMILY = "1,2";
				VALIDATE_PRODUCT = YES;
			};
			name = Release;
		};
		D75BCAC21D13ED0900FDF5F3 /* Debug */ = {
			isa = XCBuildConfiguration;
			baseConfigurationReference = 4564418ADCC49F43508F4033 /* Pods-Save+.debug.xcconfig */;
			buildSettings = {
				ASSETCATALOG_COMPILER_APPICON_NAME = AppIcon;
				INFOPLIST_FILE = "Save+/Info.plist";
				IPHONEOS_DEPLOYMENT_TARGET = 7.0;
				LD_RUNPATH_SEARCH_PATHS = "$(inherited) @executable_path/Frameworks";
				PRODUCT_BUNDLE_IDENTIFIER = "HLL.Save-";
				PRODUCT_NAME = "$(TARGET_NAME)";
				TARGETED_DEVICE_FAMILY = 1;
			};
			name = Debug;
		};
		D75BCAC31D13ED0900FDF5F3 /* Release */ = {
			isa = XCBuildConfiguration;
			baseConfigurationReference = 68EF3EEAB3954E1D6127091E /* Pods-Save+.release.xcconfig */;
			buildSettings = {
				ASSETCATALOG_COMPILER_APPICON_NAME = AppIcon;
				INFOPLIST_FILE = "Save+/Info.plist";
				IPHONEOS_DEPLOYMENT_TARGET = 7.0;
				LD_RUNPATH_SEARCH_PATHS = "$(inherited) @executable_path/Frameworks";
				PRODUCT_BUNDLE_IDENTIFIER = "HLL.Save-";
				PRODUCT_NAME = "$(TARGET_NAME)";
				TARGETED_DEVICE_FAMILY = 1;
			};
			name = Release;
		};
		D75BCAC51D13ED0900FDF5F3 /* Debug */ = {
			isa = XCBuildConfiguration;
			buildSettings = {
				INFOPLIST_FILE = "Save+UITests/Info.plist";
				LD_RUNPATH_SEARCH_PATHS = "$(inherited) @executable_path/Frameworks @loader_path/Frameworks";
				PRODUCT_BUNDLE_IDENTIFIER = "HLL.Save-UITests";
				PRODUCT_NAME = "$(TARGET_NAME)";
				TEST_TARGET_NAME = "Save+";
			};
			name = Debug;
		};
		D75BCAC61D13ED0900FDF5F3 /* Release */ = {
			isa = XCBuildConfiguration;
			buildSettings = {
				INFOPLIST_FILE = "Save+UITests/Info.plist";
				LD_RUNPATH_SEARCH_PATHS = "$(inherited) @executable_path/Frameworks @loader_path/Frameworks";
				PRODUCT_BUNDLE_IDENTIFIER = "HLL.Save-UITests";
				PRODUCT_NAME = "$(TARGET_NAME)";
				TEST_TARGET_NAME = "Save+";
			};
			name = Release;
		};
/* End XCBuildConfiguration section */

/* Begin XCConfigurationList section */
		D75BCA9A1D13ED0800FDF5F3 /* Build configuration list for PBXProject "Save+" */ = {
			isa = XCConfigurationList;
			buildConfigurations = (
				D75BCABF1D13ED0900FDF5F3 /* Debug */,
				D75BCAC01D13ED0900FDF5F3 /* Release */,
			);
			defaultConfigurationIsVisible = 0;
			defaultConfigurationName = Release;
		};
		D75BCAC11D13ED0900FDF5F3 /* Build configuration list for PBXNativeTarget "Save+" */ = {
			isa = XCConfigurationList;
			buildConfigurations = (
				D75BCAC21D13ED0900FDF5F3 /* Debug */,
				D75BCAC31D13ED0900FDF5F3 /* Release */,
			);
			defaultConfigurationIsVisible = 0;
			defaultConfigurationName = Release;
		};
		D75BCAC41D13ED0900FDF5F3 /* Build configuration list for PBXNativeTarget "Save+UITests" */ = {
			isa = XCConfigurationList;
			buildConfigurations = (
				D75BCAC51D13ED0900FDF5F3 /* Debug */,
				D75BCAC61D13ED0900FDF5F3 /* Release */,
			);
			defaultConfigurationIsVisible = 0;
			defaultConfigurationName = Release;
		};
/* End XCConfigurationList section */
	};
	rootObject = D75BCA971D13ED0800FDF5F3 /* Project object */;
}
